
Microsoft Visual Studio Solution File, Format Version 12.00
# Visual Studio 15
VisualStudioVersion = 15.0.28010.2026
MinimumVisualStudioVersion = 10.0.40219.1
Project("{FAE04EC0-301F-11D3-BF4B-00C04F79EFBC}") = "allLongestStrings", "allLongestStrings\allLongestStrings.csproj", "{35CF6BAE-2C82-413E-AAE3-2A935B054355}"
EndProject
Project("{FAE04EC0-301F-11D3-BF4B-00C04F79EFBC}") = "commonCharacterCount", "commonCharacterCount\commonCharacterCount.csproj", "{4C8B7FB4-CBD8-4C94-9658-4AA2F61D0B7C}"
EndProject
Project("{FAE04EC0-301F-11D3-BF4B-00C04F79EFBC}") = "isLucky", "isLucky\isLucky.csproj", "{8CE0E54B-B14D-47BD-A761-AD4E870F5454}"
EndProject
Project("{FAE04EC0-301F-11D3-BF4B-00C04F79EFBC}") = "sortByHeight", "sortByHeight\sortByHeight.csproj", "{7B064963-BF29-4DB7-864E-3ED61203C504}"
EndProject
Project("{FAE04EC0-301F-11D3-BF4B-00C04F79EFBC}") = "reverseParentheses", "reverseParentheses\reverseParentheses.csproj", "{15812E35-58FE-450E-A670-65C1D8D6A8F8}"
EndProject
Project("{FAE04EC0-301F-11D3-BF4B-00C04F79EFBC}") = "zigzag", "zigzag\zigzag.csproj", "{B8E7F74B-0849-4893-8D0A-858C5D6AA456}"
EndProject
Project("{FAE04EC0-301F-11D3-BF4B-00C04F79EFBC}") = "alternatingSums", "alternatingSums\alternatingSums.csproj", "{56A82A7C-1236-4EF1-AA9F-790C144F1273}"
EndProject
Project("{FAE04EC0-301F-11D3-BF4B-00C04F79EFBC}") = "addBorder", "addBorder\addBorder.csproj", "{38D53353-D8E5-4E3E-A71C-44698DFC3489}"
EndProject
Project("{FAE04EC0-301F-11D3-BF4B-00C04F79EFBC}") = "digitRootSort", "digitRootSort\digitRootSort.csproj", "{2A10DD45-3598-4868-B35F-24CBFFD8BADA}"
EndProject
Project("{FAE04EC0-301F-11D3-BF4B-00C04F79EFBC}") = "areSimilar", "areSimilar\areSimilar.csproj", "{BBEFCA6D-54F9-4455-9E20-C7DBABC5AE0B}"
EndProject
Project("{FAE04EC0-301F-11D3-BF4B-00C04F79EFBC}") = "arrayChange", "arrayChange\arrayChange.csproj", "{61971E6D-0A5C-4CC9-AB45-6CE0EB8CD0C8}"
EndProject
Project("{FAE04EC0-301F-11D3-BF4B-00C04F79EFBC}") = "palindromeRearranging", "palindromeRearranging\palindromeRearranging.csproj", "{B052BBF8-0A11-418A-89F2-4D78A8CF75BD}"
EndProject
Project("{FAE04EC0-301F-11D3-BF4B-00C04F79EFBC}") = "areEquallyStrong", "areEquallyStrong\areEquallyStrong.csproj", "{5CCB4410-BF10-4809-8A1D-17713D88A16C}"
EndProject
Project("{FAE04EC0-301F-11D3-BF4B-00C04F79EFBC}") = "arrayMaximalAdjacentDifference", "arrayMaximalAdjacentDifference\arrayMaximalAdjacentDifference.csproj", "{5CB82248-4022-43D1-92FC-9D3AA6BAC354}"
EndProject
Project("{FAE04EC0-301F-11D3-BF4B-00C04F79EFBC}") = "isIPv4Address", "isIPv4Address\isIPv4Address.csproj", "{BE3643A0-4DFD-433A-B208-AAC44B78E9F9}"
EndProject
Project("{FAE04EC0-301F-11D3-BF4B-00C04F79EFBC}") = "avoidObstacles", "avoidObstacles\avoidObstacles.csproj", "{0F06A184-0764-41C8-9AB1-41CA9B34F1C0}"
EndProject
Project("{FAE04EC0-301F-11D3-BF4B-00C04F79EFBC}") = "constructArray", "constructArray\constructArray.csproj", "{A7432A39-677A-4D34-95A2-F1798201300E}"
EndProject
Project("{FAE04EC0-301F-11D3-BF4B-00C04F79EFBC}") = "boxBlur", "boxBlur\boxBlur.csproj", "{BD24A77F-04A6-4D90-8A32-2D28D2849A1A}"
EndProject
Project("{FAE04EC0-301F-11D3-BF4B-00C04F79EFBC}") = "minesweeper", "minesweeper\minesweeper.csproj", "{00E98E84-AFE3-4094-8DF9-9F50DB8D76CD}"
EndProject
Project("{FAE04EC0-301F-11D3-BF4B-00C04F79EFBC}") = "arrayReplace", "arrayReplace\arrayReplace.csproj", "{A5E50B2D-1F13-4301-B4E2-FB8B0E867899}"
EndProject
Project("{FAE04EC0-301F-11D3-BF4B-00C04F79EFBC}") = "evenDigitsOnly", "evenDigitsOnly\evenDigitsOnly.csproj", "{6BCDC6CE-10C7-4C96-AE99-AAFBE37DB1AF}"
EndProject
Project("{FAE04EC0-301F-11D3-BF4B-00C04F79EFBC}") = "variableName", "variableName\variableName.csproj", "{77A2D68C-6F59-4DA8-A432-B85DE0467461}"
EndProject
Project("{FAE04EC0-301F-11D3-BF4B-00C04F79EFBC}") = "alphabeticShift", "alphabeticShift\alphabeticShift.csproj", "{AD4462F2-B55A-43E9-AE5E-D2B488CED4AC}"
EndProject
Project("{FAE04EC0-301F-11D3-BF4B-00C04F79EFBC}") = "chessBoardCellColor", "chessBoardCellColor\chessBoardCellColor.csproj", "{5AD7AB90-EF9B-4182-B958-74E64162FD55}"
EndProject
Project("{FAE04EC0-301F-11D3-BF4B-00C04F79EFBC}") = "constructSubmatrix", "constructSubmatrix\constructSubmatrix.csproj", "{6D4E2D48-AA7A-40EF-AB86-1480545EC3E3}"
EndProject
Project("{FAE04EC0-301F-11D3-BF4B-00C04F79EFBC}") = "circleOfNumbers", "circleOfNumbers\circleOfNumbers.csproj", "{904CD0B2-C752-4C2C-90B6-1275997C64F5}"
EndProject
Project("{FAE04EC0-301F-11D3-BF4B-00C04F79EFBC}") = "depositProfit", "depositProfit\depositProfit.csproj", "{F42A6041-CBE3-4358-88C8-76F85EC5E80B}"
EndProject
Project("{FAE04EC0-301F-11D3-BF4B-00C04F79EFBC}") = "absoluteValuesSumMinimization", "absoluteValuesSumMinimization\absoluteValuesSumMinimization.csproj", "{FAE0E52A-48AB-468F-BB6F-EB60271FA420}"
EndProject
Global
	GlobalSection(SolutionConfigurationPlatforms) = preSolution
		Debug|Any CPU = Debug|Any CPU
		Release|Any CPU = Release|Any CPU
	EndGlobalSection
	GlobalSection(ProjectConfigurationPlatforms) = postSolution
		{35CF6BAE-2C82-413E-AAE3-2A935B054355}.Debug|Any CPU.ActiveCfg = Debug|Any CPU
		{35CF6BAE-2C82-413E-AAE3-2A935B054355}.Debug|Any CPU.Build.0 = Debug|Any CPU
		{35CF6BAE-2C82-413E-AAE3-2A935B054355}.Release|Any CPU.ActiveCfg = Release|Any CPU
		{35CF6BAE-2C82-413E-AAE3-2A935B054355}.Release|Any CPU.Build.0 = Release|Any CPU
		{4C8B7FB4-CBD8-4C94-9658-4AA2F61D0B7C}.Debug|Any CPU.ActiveCfg = Debug|Any CPU
		{4C8B7FB4-CBD8-4C94-9658-4AA2F61D0B7C}.Debug|Any CPU.Build.0 = Debug|Any CPU
		{4C8B7FB4-CBD8-4C94-9658-4AA2F61D0B7C}.Release|Any CPU.ActiveCfg = Release|Any CPU
		{4C8B7FB4-CBD8-4C94-9658-4AA2F61D0B7C}.Release|Any CPU.Build.0 = Release|Any CPU
		{8CE0E54B-B14D-47BD-A761-AD4E870F5454}.Debug|Any CPU.ActiveCfg = Debug|Any CPU
		{8CE0E54B-B14D-47BD-A761-AD4E870F5454}.Debug|Any CPU.Build.0 = Debug|Any CPU
		{8CE0E54B-B14D-47BD-A761-AD4E870F5454}.Release|Any CPU.ActiveCfg = Release|Any CPU
		{8CE0E54B-B14D-47BD-A761-AD4E870F5454}.Release|Any CPU.Build.0 = Release|Any CPU
		{7B064963-BF29-4DB7-864E-3ED61203C504}.Debug|Any CPU.ActiveCfg = Debug|Any CPU
		{7B064963-BF29-4DB7-864E-3ED61203C504}.Debug|Any CPU.Build.0 = Debug|Any CPU
		{7B064963-BF29-4DB7-864E-3ED61203C504}.Release|Any CPU.ActiveCfg = Release|Any CPU
		{7B064963-BF29-4DB7-864E-3ED61203C504}.Release|Any CPU.Build.0 = Release|Any CPU
		{15812E35-58FE-450E-A670-65C1D8D6A8F8}.Debug|Any CPU.ActiveCfg = Debug|Any CPU
		{15812E35-58FE-450E-A670-65C1D8D6A8F8}.Debug|Any CPU.Build.0 = Debug|Any CPU
		{15812E35-58FE-450E-A670-65C1D8D6A8F8}.Release|Any CPU.ActiveCfg = Release|Any CPU
		{15812E35-58FE-450E-A670-65C1D8D6A8F8}.Release|Any CPU.Build.0 = Release|Any CPU
		{B8E7F74B-0849-4893-8D0A-858C5D6AA456}.Debug|Any CPU.ActiveCfg = Debug|Any CPU
		{B8E7F74B-0849-4893-8D0A-858C5D6AA456}.Debug|Any CPU.Build.0 = Debug|Any CPU
		{B8E7F74B-0849-4893-8D0A-858C5D6AA456}.Release|Any CPU.ActiveCfg = Release|Any CPU
		{B8E7F74B-0849-4893-8D0A-858C5D6AA456}.Release|Any CPU.Build.0 = Release|Any CPU
		{56A82A7C-1236-4EF1-AA9F-790C144F1273}.Debug|Any CPU.ActiveCfg = Debug|Any CPU
		{56A82A7C-1236-4EF1-AA9F-790C144F1273}.Debug|Any CPU.Build.0 = Debug|Any CPU
		{56A82A7C-1236-4EF1-AA9F-790C144F1273}.Release|Any CPU.ActiveCfg = Release|Any CPU
		{56A82A7C-1236-4EF1-AA9F-790C144F1273}.Release|Any CPU.Build.0 = Release|Any CPU
		{38D53353-D8E5-4E3E-A71C-44698DFC3489}.Debug|Any CPU.ActiveCfg = Debug|Any CPU
		{38D53353-D8E5-4E3E-A71C-44698DFC3489}.Debug|Any CPU.Build.0 = Debug|Any CPU
		{38D53353-D8E5-4E3E-A71C-44698DFC3489}.Release|Any CPU.ActiveCfg = Release|Any CPU
		{38D53353-D8E5-4E3E-A71C-44698DFC3489}.Release|Any CPU.Build.0 = Release|Any CPU
		{2A10DD45-3598-4868-B35F-24CBFFD8BADA}.Debug|Any CPU.ActiveCfg = Debug|Any CPU
		{2A10DD45-3598-4868-B35F-24CBFFD8BADA}.Debug|Any CPU.Build.0 = Debug|Any CPU
		{2A10DD45-3598-4868-B35F-24CBFFD8BADA}.Release|Any CPU.ActiveCfg = Release|Any CPU
		{2A10DD45-3598-4868-B35F-24CBFFD8BADA}.Release|Any CPU.Build.0 = Release|Any CPU
		{BBEFCA6D-54F9-4455-9E20-C7DBABC5AE0B}.Debug|Any CPU.ActiveCfg = Debug|Any CPU
		{BBEFCA6D-54F9-4455-9E20-C7DBABC5AE0B}.Debug|Any CPU.Build.0 = Debug|Any CPU
		{BBEFCA6D-54F9-4455-9E20-C7DBABC5AE0B}.Release|Any CPU.ActiveCfg = Release|Any CPU
		{BBEFCA6D-54F9-4455-9E20-C7DBABC5AE0B}.Release|Any CPU.Build.0 = Release|Any CPU
		{61971E6D-0A5C-4CC9-AB45-6CE0EB8CD0C8}.Debug|Any CPU.ActiveCfg = Debug|Any CPU
		{61971E6D-0A5C-4CC9-AB45-6CE0EB8CD0C8}.Debug|Any CPU.Build.0 = Debug|Any CPU
		{61971E6D-0A5C-4CC9-AB45-6CE0EB8CD0C8}.Release|Any CPU.ActiveCfg = Release|Any CPU
		{61971E6D-0A5C-4CC9-AB45-6CE0EB8CD0C8}.Release|Any CPU.Build.0 = Release|Any CPU
		{B052BBF8-0A11-418A-89F2-4D78A8CF75BD}.Debug|Any CPU.ActiveCfg = Debug|Any CPU
		{B052BBF8-0A11-418A-89F2-4D78A8CF75BD}.Debug|Any CPU.Build.0 = Debug|Any CPU
		{B052BBF8-0A11-418A-89F2-4D78A8CF75BD}.Release|Any CPU.ActiveCfg = Release|Any CPU
		{B052BBF8-0A11-418A-89F2-4D78A8CF75BD}.Release|Any CPU.Build.0 = Release|Any CPU
		{5CCB4410-BF10-4809-8A1D-17713D88A16C}.Debug|Any CPU.ActiveCfg = Debug|Any CPU
		{5CCB4410-BF10-4809-8A1D-17713D88A16C}.Debug|Any CPU.Build.0 = Debug|Any CPU
		{5CCB4410-BF10-4809-8A1D-17713D88A16C}.Release|Any CPU.ActiveCfg = Release|Any CPU
		{5CCB4410-BF10-4809-8A1D-17713D88A16C}.Release|Any CPU.Build.0 = Release|Any CPU
		{5CB82248-4022-43D1-92FC-9D3AA6BAC354}.Debug|Any CPU.ActiveCfg = Debug|Any CPU
		{5CB82248-4022-43D1-92FC-9D3AA6BAC354}.Debug|Any CPU.Build.0 = Debug|Any CPU
		{5CB82248-4022-43D1-92FC-9D3AA6BAC354}.Release|Any CPU.ActiveCfg = Release|Any CPU
		{5CB82248-4022-43D1-92FC-9D3AA6BAC354}.Release|Any CPU.Build.0 = Release|Any CPU
		{BE3643A0-4DFD-433A-B208-AAC44B78E9F9}.Debug|Any CPU.ActiveCfg = Debug|Any CPU
		{BE3643A0-4DFD-433A-B208-AAC44B78E9F9}.Debug|Any CPU.Build.0 = Debug|Any CPU
		{BE3643A0-4DFD-433A-B208-AAC44B78E9F9}.Release|Any CPU.ActiveCfg = Release|Any CPU
		{BE3643A0-4DFD-433A-B208-AAC44B78E9F9}.Release|Any CPU.Build.0 = Release|Any CPU
		{0F06A184-0764-41C8-9AB1-41CA9B34F1C0}.Debug|Any CPU.ActiveCfg = Debug|Any CPU
		{0F06A184-0764-41C8-9AB1-41CA9B34F1C0}.Debug|Any CPU.Build.0 = Debug|Any CPU
		{0F06A184-0764-41C8-9AB1-41CA9B34F1C0}.Release|Any CPU.ActiveCfg = Release|Any CPU
		{0F06A184-0764-41C8-9AB1-41CA9B34F1C0}.Release|Any CPU.Build.0 = Release|Any CPU
		{A7432A39-677A-4D34-95A2-F1798201300E}.Debug|Any CPU.ActiveCfg = Debug|Any CPU
		{A7432A39-677A-4D34-95A2-F1798201300E}.Debug|Any CPU.Build.0 = Debug|Any CPU
		{A7432A39-677A-4D34-95A2-F1798201300E}.Release|Any CPU.ActiveCfg = Release|Any CPU
		{A7432A39-677A-4D34-95A2-F1798201300E}.Release|Any CPU.Build.0 = Release|Any CPU
		{BD24A77F-04A6-4D90-8A32-2D28D2849A1A}.Debug|Any CPU.ActiveCfg = Debug|Any CPU
		{BD24A77F-04A6-4D90-8A32-2D28D2849A1A}.Debug|Any CPU.Build.0 = Debug|Any CPU
		{BD24A77F-04A6-4D90-8A32-2D28D2849A1A}.Release|Any CPU.ActiveCfg = Release|Any CPU
		{BD24A77F-04A6-4D90-8A32-2D28D2849A1A}.Release|Any CPU.Build.0 = Release|Any CPU
		{00E98E84-AFE3-4094-8DF9-9F50DB8D76CD}.Debug|Any CPU.ActiveCfg = Debug|Any CPU
		{00E98E84-AFE3-4094-8DF9-9F50DB8D76CD}.Debug|Any CPU.Build.0 = Debug|Any CPU
		{00E98E84-AFE3-4094-8DF9-9F50DB8D76CD}.Release|Any CPU.ActiveCfg = Release|Any CPU
		{00E98E84-AFE3-4094-8DF9-9F50DB8D76CD}.Release|Any CPU.Build.0 = Release|Any CPU
		{A5E50B2D-1F13-4301-B4E2-FB8B0E867899}.Debug|Any CPU.ActiveCfg = Debug|Any CPU
		{A5E50B2D-1F13-4301-B4E2-FB8B0E867899}.Debug|Any CPU.Build.0 = Debug|Any CPU
		{A5E50B2D-1F13-4301-B4E2-FB8B0E867899}.Release|Any CPU.ActiveCfg = Release|Any CPU
		{A5E50B2D-1F13-4301-B4E2-FB8B0E867899}.Release|Any CPU.Build.0 = Release|Any CPU
		{6BCDC6CE-10C7-4C96-AE99-AAFBE37DB1AF}.Debug|Any CPU.ActiveCfg = Debug|Any CPU
		{6BCDC6CE-10C7-4C96-AE99-AAFBE37DB1AF}.Debug|Any CPU.Build.0 = Debug|Any CPU
		{6BCDC6CE-10C7-4C96-AE99-AAFBE37DB1AF}.Release|Any CPU.ActiveCfg = Release|Any CPU
		{6BCDC6CE-10C7-4C96-AE99-AAFBE37DB1AF}.Release|Any CPU.Build.0 = Release|Any CPU
		{77A2D68C-6F59-4DA8-A432-B85DE0467461}.Debug|Any CPU.ActiveCfg = Debug|Any CPU
		{77A2D68C-6F59-4DA8-A432-B85DE0467461}.Debug|Any CPU.Build.0 = Debug|Any CPU
		{77A2D68C-6F59-4DA8-A432-B85DE0467461}.Release|Any CPU.ActiveCfg = Release|Any CPU
		{77A2D68C-6F59-4DA8-A432-B85DE0467461}.Release|Any CPU.Build.0 = Release|Any CPU
		{AD4462F2-B55A-43E9-AE5E-D2B488CED4AC}.Debug|Any CPU.ActiveCfg = Debug|Any CPU
		{AD4462F2-B55A-43E9-AE5E-D2B488CED4AC}.Debug|Any CPU.Build.0 = Debug|Any CPU
		{AD4462F2-B55A-43E9-AE5E-D2B488CED4AC}.Release|Any CPU.ActiveCfg = Release|Any CPU
		{AD4462F2-B55A-43E9-AE5E-D2B488CED4AC}.Release|Any CPU.Build.0 = Release|Any CPU
		{5AD7AB90-EF9B-4182-B958-74E64162FD55}.Debug|Any CPU.ActiveCfg = Debug|Any CPU
		{5AD7AB90-EF9B-4182-B958-74E64162FD55}.Debug|Any CPU.Build.0 = Debug|Any CPU
		{5AD7AB90-EF9B-4182-B958-74E64162FD55}.Release|Any CPU.ActiveCfg = Release|Any CPU
		{5AD7AB90-EF9B-4182-B958-74E64162FD55}.Release|Any CPU.Build.0 = Release|Any CPU
		{6D4E2D48-AA7A-40EF-AB86-1480545EC3E3}.Debug|Any CPU.ActiveCfg = Debug|Any CPU
		{6D4E2D48-AA7A-40EF-AB86-1480545EC3E3}.Debug|Any CPU.Build.0 = Debug|Any CPU
		{6D4E2D48-AA7A-40EF-AB86-1480545EC3E3}.Release|Any CPU.ActiveCfg = Release|Any CPU
		{6D4E2D48-AA7A-40EF-AB86-1480545EC3E3}.Release|Any CPU.Build.0 = Release|Any CPU
		{904CD0B2-C752-4C2C-90B6-1275997C64F5}.Debug|Any CPU.ActiveCfg = Debug|Any CPU
		{904CD0B2-C752-4C2C-90B6-1275997C64F5}.Debug|Any CPU.Build.0 = Debug|Any CPU
		{904CD0B2-C752-4C2C-90B6-1275997C64F5}.Release|Any CPU.ActiveCfg = Release|Any CPU
		{904CD0B2-C752-4C2C-90B6-1275997C64F5}.Release|Any CPU.Build.0 = Release|Any CPU
		{F42A6041-CBE3-4358-88C8-76F85EC5E80B}.Debug|Any CPU.ActiveCfg = Debug|Any CPU
		{F42A6041-CBE3-4358-88C8-76F85EC5E80B}.Debug|Any CPU.Build.0 = Debug|Any CPU
		{F42A6041-CBE3-4358-88C8-76F85EC5E80B}.Release|Any CPU.ActiveCfg = Release|Any CPU
		{F42A6041-CBE3-4358-88C8-76F85EC5E80B}.Release|Any CPU.Build.0 = Release|Any CPU
		{FAE0E52A-48AB-468F-BB6F-EB60271FA420}.Debug|Any CPU.ActiveCfg = Debug|Any CPU
		{FAE0E52A-48AB-468F-BB6F-EB60271FA420}.Debug|Any CPU.Build.0 = Debug|Any CPU
		{FAE0E52A-48AB-468F-BB6F-EB60271FA420}.Release|Any CPU.ActiveCfg = Release|Any CPU
		{FAE0E52A-48AB-468F-BB6F-EB60271FA420}.Release|Any CPU.Build.0 = Release|Any CPU
	EndGlobalSection
	GlobalSection(SolutionProperties) = preSolution
		HideSolutionNode = FALSE
	EndGlobalSection
	GlobalSection(ExtensibilityGlobals) = postSolution
		SolutionGuid = {BFB1213F-0EBF-450A-8765-2164D65CF7D0}
	EndGlobalSection
EndGlobal
