
Microsoft Visual Studio Solution File, Format Version 12.00
# Visual Studio 15
VisualStudioVersion = 15.0.28010.2026
MinimumVisualStudioVersion = 10.0.40219.1
Project("{FAE04EC0-301F-11D3-BF4B-00C04F79EFBC}") = "allLongestStrings", "allLongestStrings\allLongestStrings.csproj", "{35CF6BAE-2C82-413E-AAE3-2A935B054355}"
EndProject
Project("{FAE04EC0-301F-11D3-BF4B-00C04F79EFBC}") = "commonCharacterCount", "commonCharacterCount\commonCharacterCount.csproj", "{4C8B7FB4-CBD8-4C94-9658-4AA2F61D0B7C}"
EndProject
Project("{FAE04EC0-301F-11D3-BF4B-00C04F79EFBC}") = "isLucky", "isLucky\isLucky.csproj", "{8CE0E54B-B14D-47BD-A761-AD4E870F5454}"
EndProject
Project("{FAE04EC0-301F-11D3-BF4B-00C04F79EFBC}") = "sortByHeight", "sortByHeight\sortByHeight.csproj", "{7B064963-BF29-4DB7-864E-3ED61203C504}"
EndProject
Project("{FAE04EC0-301F-11D3-BF4B-00C04F79EFBC}") = "reverseParentheses", "reverseParentheses\reverseParentheses.csproj", "{15812E35-58FE-450E-A670-65C1D8D6A8F8}"
EndProject
Project("{FAE04EC0-301F-11D3-BF4B-00C04F79EFBC}") = "zigzag", "zigzag\zigzag.csproj", "{B8E7F74B-0849-4893-8D0A-858C5D6AA456}"
EndProject
Project("{FAE04EC0-301F-11D3-BF4B-00C04F79EFBC}") = "alternatingSums", "alternatingSums\alternatingSums.csproj", "{56A82A7C-1236-4EF1-AA9F-790C144F1273}"
EndProject
Project("{FAE04EC0-301F-11D3-BF4B-00C04F79EFBC}") = "addBorder", "addBorder\addBorder.csproj", "{38D53353-D8E5-4E3E-A71C-44698DFC3489}"
EndProject
Project("{FAE04EC0-301F-11D3-BF4B-00C04F79EFBC}") = "digitRootSort", "digitRootSort\digitRootSort.csproj", "{2A10DD45-3598-4868-B35F-24CBFFD8BADA}"
EndProject
Project("{FAE04EC0-301F-11D3-BF4B-00C04F79EFBC}") = "areSimilar", "areSimilar\areSimilar.csproj", "{BBEFCA6D-54F9-4455-9E20-C7DBABC5AE0B}"
EndProject
Project("{FAE04EC0-301F-11D3-BF4B-00C04F79EFBC}") = "arrayChange", "arrayChange\arrayChange.csproj", "{61971E6D-0A5C-4CC9-AB45-6CE0EB8CD0C8}"
EndProject
Project("{FAE04EC0-301F-11D3-BF4B-00C04F79EFBC}") = "palindromeRearranging", "palindromeRearranging\palindromeRearranging.csproj", "{B052BBF8-0A11-418A-89F2-4D78A8CF75BD}"
EndProject
Global
	GlobalSection(SolutionConfigurationPlatforms) = preSolution
		Debug|Any CPU = Debug|Any CPU
		Release|Any CPU = Release|Any CPU
	EndGlobalSection
	GlobalSection(ProjectConfigurationPlatforms) = postSolution
		{35CF6BAE-2C82-413E-AAE3-2A935B054355}.Debug|Any CPU.ActiveCfg = Debug|Any CPU
		{35CF6BAE-2C82-413E-AAE3-2A935B054355}.Debug|Any CPU.Build.0 = Debug|Any CPU
		{35CF6BAE-2C82-413E-AAE3-2A935B054355}.Release|Any CPU.ActiveCfg = Release|Any CPU
		{35CF6BAE-2C82-413E-AAE3-2A935B054355}.Release|Any CPU.Build.0 = Release|Any CPU
		{4C8B7FB4-CBD8-4C94-9658-4AA2F61D0B7C}.Debug|Any CPU.ActiveCfg = Debug|Any CPU
		{4C8B7FB4-CBD8-4C94-9658-4AA2F61D0B7C}.Debug|Any CPU.Build.0 = Debug|Any CPU
		{4C8B7FB4-CBD8-4C94-9658-4AA2F61D0B7C}.Release|Any CPU.ActiveCfg = Release|Any CPU
		{4C8B7FB4-CBD8-4C94-9658-4AA2F61D0B7C}.Release|Any CPU.Build.0 = Release|Any CPU
		{8CE0E54B-B14D-47BD-A761-AD4E870F5454}.Debug|Any CPU.ActiveCfg = Debug|Any CPU
		{8CE0E54B-B14D-47BD-A761-AD4E870F5454}.Debug|Any CPU.Build.0 = Debug|Any CPU
		{8CE0E54B-B14D-47BD-A761-AD4E870F5454}.Release|Any CPU.ActiveCfg = Release|Any CPU
		{8CE0E54B-B14D-47BD-A761-AD4E870F5454}.Release|Any CPU.Build.0 = Release|Any CPU
		{7B064963-BF29-4DB7-864E-3ED61203C504}.Debug|Any CPU.ActiveCfg = Debug|Any CPU
		{7B064963-BF29-4DB7-864E-3ED61203C504}.Debug|Any CPU.Build.0 = Debug|Any CPU
		{7B064963-BF29-4DB7-864E-3ED61203C504}.Release|Any CPU.ActiveCfg = Release|Any CPU
		{7B064963-BF29-4DB7-864E-3ED61203C504}.Release|Any CPU.Build.0 = Release|Any CPU
		{15812E35-58FE-450E-A670-65C1D8D6A8F8}.Debug|Any CPU.ActiveCfg = Debug|Any CPU
		{15812E35-58FE-450E-A670-65C1D8D6A8F8}.Debug|Any CPU.Build.0 = Debug|Any CPU
		{15812E35-58FE-450E-A670-65C1D8D6A8F8}.Release|Any CPU.ActiveCfg = Release|Any CPU
		{15812E35-58FE-450E-A670-65C1D8D6A8F8}.Release|Any CPU.Build.0 = Release|Any CPU
		{B8E7F74B-0849-4893-8D0A-858C5D6AA456}.Debug|Any CPU.ActiveCfg = Debug|Any CPU
		{B8E7F74B-0849-4893-8D0A-858C5D6AA456}.Debug|Any CPU.Build.0 = Debug|Any CPU
		{B8E7F74B-0849-4893-8D0A-858C5D6AA456}.Release|Any CPU.ActiveCfg = Release|Any CPU
		{B8E7F74B-0849-4893-8D0A-858C5D6AA456}.Release|Any CPU.Build.0 = Release|Any CPU
		{56A82A7C-1236-4EF1-AA9F-790C144F1273}.Debug|Any CPU.ActiveCfg = Debug|Any CPU
		{56A82A7C-1236-4EF1-AA9F-790C144F1273}.Debug|Any CPU.Build.0 = Debug|Any CPU
		{56A82A7C-1236-4EF1-AA9F-790C144F1273}.Release|Any CPU.ActiveCfg = Release|Any CPU
		{56A82A7C-1236-4EF1-AA9F-790C144F1273}.Release|Any CPU.Build.0 = Release|Any CPU
		{38D53353-D8E5-4E3E-A71C-44698DFC3489}.Debug|Any CPU.ActiveCfg = Debug|Any CPU
		{38D53353-D8E5-4E3E-A71C-44698DFC3489}.Debug|Any CPU.Build.0 = Debug|Any CPU
		{38D53353-D8E5-4E3E-A71C-44698DFC3489}.Release|Any CPU.ActiveCfg = Release|Any CPU
		{38D53353-D8E5-4E3E-A71C-44698DFC3489}.Release|Any CPU.Build.0 = Release|Any CPU
		{2A10DD45-3598-4868-B35F-24CBFFD8BADA}.Debug|Any CPU.ActiveCfg = Debug|Any CPU
		{2A10DD45-3598-4868-B35F-24CBFFD8BADA}.Debug|Any CPU.Build.0 = Debug|Any CPU
		{2A10DD45-3598-4868-B35F-24CBFFD8BADA}.Release|Any CPU.ActiveCfg = Release|Any CPU
		{2A10DD45-3598-4868-B35F-24CBFFD8BADA}.Release|Any CPU.Build.0 = Release|Any CPU
		{BBEFCA6D-54F9-4455-9E20-C7DBABC5AE0B}.Debug|Any CPU.ActiveCfg = Debug|Any CPU
		{BBEFCA6D-54F9-4455-9E20-C7DBABC5AE0B}.Debug|Any CPU.Build.0 = Debug|Any CPU
		{BBEFCA6D-54F9-4455-9E20-C7DBABC5AE0B}.Release|Any CPU.ActiveCfg = Release|Any CPU
		{BBEFCA6D-54F9-4455-9E20-C7DBABC5AE0B}.Release|Any CPU.Build.0 = Release|Any CPU
		{61971E6D-0A5C-4CC9-AB45-6CE0EB8CD0C8}.Debug|Any CPU.ActiveCfg = Debug|Any CPU
		{61971E6D-0A5C-4CC9-AB45-6CE0EB8CD0C8}.Debug|Any CPU.Build.0 = Debug|Any CPU
		{61971E6D-0A5C-4CC9-AB45-6CE0EB8CD0C8}.Release|Any CPU.ActiveCfg = Release|Any CPU
		{61971E6D-0A5C-4CC9-AB45-6CE0EB8CD0C8}.Release|Any CPU.Build.0 = Release|Any CPU
		{B052BBF8-0A11-418A-89F2-4D78A8CF75BD}.Debug|Any CPU.ActiveCfg = Debug|Any CPU
		{B052BBF8-0A11-418A-89F2-4D78A8CF75BD}.Debug|Any CPU.Build.0 = Debug|Any CPU
		{B052BBF8-0A11-418A-89F2-4D78A8CF75BD}.Release|Any CPU.ActiveCfg = Release|Any CPU
		{B052BBF8-0A11-418A-89F2-4D78A8CF75BD}.Release|Any CPU.Build.0 = Release|Any CPU
	EndGlobalSection
	GlobalSection(SolutionProperties) = preSolution
		HideSolutionNode = FALSE
	EndGlobalSection
	GlobalSection(ExtensibilityGlobals) = postSolution
		SolutionGuid = {BFB1213F-0EBF-450A-8765-2164D65CF7D0}
	EndGlobalSection
EndGlobal
