
Microsoft Visual Studio Solution File, Format Version 12.00
# Visual Studio 15
VisualStudioVersion = 15.0.28010.2041
MinimumVisualStudioVersion = 10.0.40219.1
Project("{FAE04EC0-301F-11D3-BF4B-00C04F79EFBC}") = "IsSentenceCorrect", "IsSentenceCorrect\IsSentenceCorrect.csproj", "{4F785AF4-8FF1-42A7-87A8-1159AFB67C52}"
EndProject
Project("{FAE04EC0-301F-11D3-BF4B-00C04F79EFBC}") = "ReplaceAllDigitsRegExp", "ReplaceAllDigitsRegExp\ReplaceAllDigitsRegExp.csproj", "{FBC9050A-2D2B-4110-B278-AB1147EBAF66}"
EndProject
Project("{FAE04EC0-301F-11D3-BF4B-00C04F79EFBC}") = "SwapAdjacentWords", "SwapAdjacentWords\SwapAdjacentWords.csproj", "{E257D331-E737-4C09-8BAE-D6E2468F4F8F}"
EndProject
Project("{FAE04EC0-301F-11D3-BF4B-00C04F79EFBC}") = "NthNumber", "NthNumber\NthNumber.csproj", "{D3E6ED54-C6E4-407A-BEF7-618E296A87D4}"
EndProject
Project("{FAE04EC0-301F-11D3-BF4B-00C04F79EFBC}") = "IsSubsequence", "IsSubsequence\IsSubsequence.csproj", "{D97254BB-DFD5-4CDB-A1B7-F638FDF91BF8}"
EndProject
Project("{FAE04EC0-301F-11D3-BF4B-00C04F79EFBC}") = "EyeRhyme", "EyeRhyme\EyeRhyme.csproj", "{84D4CEED-F510-4D68-869D-11625AD73511}"
EndProject
Project("{FAE04EC0-301F-11D3-BF4B-00C04F79EFBC}") = "ProgramTranslation", "ProgramTranslation\ProgramTranslation.csproj", "{86261C07-0665-49F8-98C3-353AAB3BD8F8}"
EndProject
Project("{FAE04EC0-301F-11D3-BF4B-00C04F79EFBC}") = "RepetitionEncryption", "RepetitionEncryption\RepetitionEncryption.csproj", "{C3A2222E-9604-4EA8-9205-6EAC0F7CB465}"
EndProject
Global
	GlobalSection(SolutionConfigurationPlatforms) = preSolution
		Debug|Any CPU = Debug|Any CPU
		Release|Any CPU = Release|Any CPU
	EndGlobalSection
	GlobalSection(ProjectConfigurationPlatforms) = postSolution
		{4F785AF4-8FF1-42A7-87A8-1159AFB67C52}.Debug|Any CPU.ActiveCfg = Debug|Any CPU
		{4F785AF4-8FF1-42A7-87A8-1159AFB67C52}.Debug|Any CPU.Build.0 = Debug|Any CPU
		{4F785AF4-8FF1-42A7-87A8-1159AFB67C52}.Release|Any CPU.ActiveCfg = Release|Any CPU
		{4F785AF4-8FF1-42A7-87A8-1159AFB67C52}.Release|Any CPU.Build.0 = Release|Any CPU
		{FBC9050A-2D2B-4110-B278-AB1147EBAF66}.Debug|Any CPU.ActiveCfg = Debug|Any CPU
		{FBC9050A-2D2B-4110-B278-AB1147EBAF66}.Debug|Any CPU.Build.0 = Debug|Any CPU
		{FBC9050A-2D2B-4110-B278-AB1147EBAF66}.Release|Any CPU.ActiveCfg = Release|Any CPU
		{FBC9050A-2D2B-4110-B278-AB1147EBAF66}.Release|Any CPU.Build.0 = Release|Any CPU
		{E257D331-E737-4C09-8BAE-D6E2468F4F8F}.Debug|Any CPU.ActiveCfg = Debug|Any CPU
		{E257D331-E737-4C09-8BAE-D6E2468F4F8F}.Debug|Any CPU.Build.0 = Debug|Any CPU
		{E257D331-E737-4C09-8BAE-D6E2468F4F8F}.Release|Any CPU.ActiveCfg = Release|Any CPU
		{E257D331-E737-4C09-8BAE-D6E2468F4F8F}.Release|Any CPU.Build.0 = Release|Any CPU
		{D3E6ED54-C6E4-407A-BEF7-618E296A87D4}.Debug|Any CPU.ActiveCfg = Debug|Any CPU
		{D3E6ED54-C6E4-407A-BEF7-618E296A87D4}.Debug|Any CPU.Build.0 = Debug|Any CPU
		{D3E6ED54-C6E4-407A-BEF7-618E296A87D4}.Release|Any CPU.ActiveCfg = Release|Any CPU
		{D3E6ED54-C6E4-407A-BEF7-618E296A87D4}.Release|Any CPU.Build.0 = Release|Any CPU
		{D97254BB-DFD5-4CDB-A1B7-F638FDF91BF8}.Debug|Any CPU.ActiveCfg = Debug|Any CPU
		{D97254BB-DFD5-4CDB-A1B7-F638FDF91BF8}.Debug|Any CPU.Build.0 = Debug|Any CPU
		{D97254BB-DFD5-4CDB-A1B7-F638FDF91BF8}.Release|Any CPU.ActiveCfg = Release|Any CPU
		{D97254BB-DFD5-4CDB-A1B7-F638FDF91BF8}.Release|Any CPU.Build.0 = Release|Any CPU
		{84D4CEED-F510-4D68-869D-11625AD73511}.Debug|Any CPU.ActiveCfg = Debug|Any CPU
		{84D4CEED-F510-4D68-869D-11625AD73511}.Debug|Any CPU.Build.0 = Debug|Any CPU
		{84D4CEED-F510-4D68-869D-11625AD73511}.Release|Any CPU.ActiveCfg = Release|Any CPU
		{84D4CEED-F510-4D68-869D-11625AD73511}.Release|Any CPU.Build.0 = Release|Any CPU
		{86261C07-0665-49F8-98C3-353AAB3BD8F8}.Debug|Any CPU.ActiveCfg = Debug|Any CPU
		{86261C07-0665-49F8-98C3-353AAB3BD8F8}.Debug|Any CPU.Build.0 = Debug|Any CPU
		{86261C07-0665-49F8-98C3-353AAB3BD8F8}.Release|Any CPU.ActiveCfg = Release|Any CPU
		{86261C07-0665-49F8-98C3-353AAB3BD8F8}.Release|Any CPU.Build.0 = Release|Any CPU
		{C3A2222E-9604-4EA8-9205-6EAC0F7CB465}.Debug|Any CPU.ActiveCfg = Debug|Any CPU
		{C3A2222E-9604-4EA8-9205-6EAC0F7CB465}.Debug|Any CPU.Build.0 = Debug|Any CPU
		{C3A2222E-9604-4EA8-9205-6EAC0F7CB465}.Release|Any CPU.ActiveCfg = Release|Any CPU
		{C3A2222E-9604-4EA8-9205-6EAC0F7CB465}.Release|Any CPU.Build.0 = Release|Any CPU
	EndGlobalSection
	GlobalSection(SolutionProperties) = preSolution
		HideSolutionNode = FALSE
	EndGlobalSection
	GlobalSection(ExtensibilityGlobals) = postSolution
		SolutionGuid = {096BB06F-598A-4145-9717-B1570087C176}
	EndGlobalSection
EndGlobal
