
Microsoft Visual Studio Solution File, Format Version 12.00
# Visual Studio 15
VisualStudioVersion = 15.0.28010.2041
MinimumVisualStudioVersion = 10.0.40219.1
Project("{FAE04EC0-301F-11D3-BF4B-00C04F79EFBC}") = "BishopAndPawn", "BishopAndPawn\BishopAndPawn.csproj", "{1508C0A7-67B9-482A-A586-2AB017B07353}"
EndProject
Project("{FAE04EC0-301F-11D3-BF4B-00C04F79EFBC}") = "ChessKnightMoves", "ChessKnightMoves\ChessKnightMoves.csproj", "{9CC3047F-655A-4983-9586-7DCCDB01802B}"
EndProject
Global
	GlobalSection(SolutionConfigurationPlatforms) = preSolution
		Debug|Any CPU = Debug|Any CPU
		Release|Any CPU = Release|Any CPU
	EndGlobalSection
	GlobalSection(ProjectConfigurationPlatforms) = postSolution
		{1508C0A7-67B9-482A-A586-2AB017B07353}.Debug|Any CPU.ActiveCfg = Debug|Any CPU
		{1508C0A7-67B9-482A-A586-2AB017B07353}.Debug|Any CPU.Build.0 = Debug|Any CPU
		{1508C0A7-67B9-482A-A586-2AB017B07353}.Release|Any CPU.ActiveCfg = Release|Any CPU
		{1508C0A7-67B9-482A-A586-2AB017B07353}.Release|Any CPU.Build.0 = Release|Any CPU
		{9CC3047F-655A-4983-9586-7DCCDB01802B}.Debug|Any CPU.ActiveCfg = Debug|Any CPU
		{9CC3047F-655A-4983-9586-7DCCDB01802B}.Debug|Any CPU.Build.0 = Debug|Any CPU
		{9CC3047F-655A-4983-9586-7DCCDB01802B}.Release|Any CPU.ActiveCfg = Release|Any CPU
		{9CC3047F-655A-4983-9586-7DCCDB01802B}.Release|Any CPU.Build.0 = Release|Any CPU
	EndGlobalSection
	GlobalSection(SolutionProperties) = preSolution
		HideSolutionNode = FALSE
	EndGlobalSection
	GlobalSection(ExtensibilityGlobals) = postSolution
		SolutionGuid = {FCF6BFF0-DEA0-4B7E-B539-C61FF552CE1A}
	EndGlobalSection
EndGlobal
