
Microsoft Visual Studio Solution File, Format Version 12.00
# Visual Studio 15
VisualStudioVersion = 15.0.28010.2041
MinimumVisualStudioVersion = 10.0.40219.1
Project("{FAE04EC0-301F-11D3-BF4B-00C04F79EFBC}") = "LRCToSubrip", "LRCToSubrip\LRCToSubrip.csproj", "{61CF69F3-9799-45CF-ADE4-0B7BC132EE3D}"
EndProject
Project("{FAE04EC0-301F-11D3-BF4B-00C04F79EFBC}") = "HtmlTable", "HtmlTable\HtmlTable.csproj", "{EB93DBDF-9E0B-478B-A430-C74A6F96631E}"
EndProject
Project("{FAE04EC0-301F-11D3-BF4B-00C04F79EFBC}") = "ChessNotation", "ChessNotation\ChessNotation.csproj", "{30960C4B-B60D-4C4B-A20B-29EAC55F58D4}"
EndProject
Project("{FAE04EC0-301F-11D3-BF4B-00C04F79EFBC}") = "CellsJoining", "CellsJoining\CellsJoining.csproj", "{EAEC7A34-F767-4F3D-87C9-99EA9875336E}"
EndProject
Project("{FAE04EC0-301F-11D3-BF4B-00C04F79EFBC}") = "FirstOperationCharacter", "FirstOperationCharacter\FirstOperationCharacter.csproj", "{D320670E-0271-4BC5-BBB6-DFEFBA91561A}"
EndProject
Project("{FAE04EC0-301F-11D3-BF4B-00C04F79EFBC}") = "CountElements", "CountElements\CountElements.csproj", "{88948368-3B05-4DB7-8520-2939D8B93A45}"
EndProject
Project("{FAE04EC0-301F-11D3-BF4B-00C04F79EFBC}") = "TreeBottom", "TreeBottom\TreeBottom.csproj", "{B2E97F67-32EA-460A-AA24-1F591CF1F2D7}"
EndProject
Project("{FAE04EC0-301F-11D3-BF4B-00C04F79EFBC}") = "befunge93", "befunge93\befunge93.csproj", "{89899EF3-5ED8-4C32-95D4-77A7494BF757}"
EndProject
Global
	GlobalSection(SolutionConfigurationPlatforms) = preSolution
		Debug|Any CPU = Debug|Any CPU
		Release|Any CPU = Release|Any CPU
	EndGlobalSection
	GlobalSection(ProjectConfigurationPlatforms) = postSolution
		{61CF69F3-9799-45CF-ADE4-0B7BC132EE3D}.Debug|Any CPU.ActiveCfg = Debug|Any CPU
		{61CF69F3-9799-45CF-ADE4-0B7BC132EE3D}.Debug|Any CPU.Build.0 = Debug|Any CPU
		{61CF69F3-9799-45CF-ADE4-0B7BC132EE3D}.Release|Any CPU.ActiveCfg = Release|Any CPU
		{61CF69F3-9799-45CF-ADE4-0B7BC132EE3D}.Release|Any CPU.Build.0 = Release|Any CPU
		{EB93DBDF-9E0B-478B-A430-C74A6F96631E}.Debug|Any CPU.ActiveCfg = Debug|Any CPU
		{EB93DBDF-9E0B-478B-A430-C74A6F96631E}.Debug|Any CPU.Build.0 = Debug|Any CPU
		{EB93DBDF-9E0B-478B-A430-C74A6F96631E}.Release|Any CPU.ActiveCfg = Release|Any CPU
		{EB93DBDF-9E0B-478B-A430-C74A6F96631E}.Release|Any CPU.Build.0 = Release|Any CPU
		{30960C4B-B60D-4C4B-A20B-29EAC55F58D4}.Debug|Any CPU.ActiveCfg = Debug|Any CPU
		{30960C4B-B60D-4C4B-A20B-29EAC55F58D4}.Debug|Any CPU.Build.0 = Debug|Any CPU
		{30960C4B-B60D-4C4B-A20B-29EAC55F58D4}.Release|Any CPU.ActiveCfg = Release|Any CPU
		{30960C4B-B60D-4C4B-A20B-29EAC55F58D4}.Release|Any CPU.Build.0 = Release|Any CPU
		{EAEC7A34-F767-4F3D-87C9-99EA9875336E}.Debug|Any CPU.ActiveCfg = Debug|Any CPU
		{EAEC7A34-F767-4F3D-87C9-99EA9875336E}.Debug|Any CPU.Build.0 = Debug|Any CPU
		{EAEC7A34-F767-4F3D-87C9-99EA9875336E}.Release|Any CPU.ActiveCfg = Release|Any CPU
		{EAEC7A34-F767-4F3D-87C9-99EA9875336E}.Release|Any CPU.Build.0 = Release|Any CPU
		{D320670E-0271-4BC5-BBB6-DFEFBA91561A}.Debug|Any CPU.ActiveCfg = Debug|Any CPU
		{D320670E-0271-4BC5-BBB6-DFEFBA91561A}.Debug|Any CPU.Build.0 = Debug|Any CPU
		{D320670E-0271-4BC5-BBB6-DFEFBA91561A}.Release|Any CPU.ActiveCfg = Release|Any CPU
		{D320670E-0271-4BC5-BBB6-DFEFBA91561A}.Release|Any CPU.Build.0 = Release|Any CPU
		{88948368-3B05-4DB7-8520-2939D8B93A45}.Debug|Any CPU.ActiveCfg = Debug|Any CPU
		{88948368-3B05-4DB7-8520-2939D8B93A45}.Debug|Any CPU.Build.0 = Debug|Any CPU
		{88948368-3B05-4DB7-8520-2939D8B93A45}.Release|Any CPU.ActiveCfg = Release|Any CPU
		{88948368-3B05-4DB7-8520-2939D8B93A45}.Release|Any CPU.Build.0 = Release|Any CPU
		{B2E97F67-32EA-460A-AA24-1F591CF1F2D7}.Debug|Any CPU.ActiveCfg = Debug|Any CPU
		{B2E97F67-32EA-460A-AA24-1F591CF1F2D7}.Debug|Any CPU.Build.0 = Debug|Any CPU
		{B2E97F67-32EA-460A-AA24-1F591CF1F2D7}.Release|Any CPU.ActiveCfg = Release|Any CPU
		{B2E97F67-32EA-460A-AA24-1F591CF1F2D7}.Release|Any CPU.Build.0 = Release|Any CPU
		{89899EF3-5ED8-4C32-95D4-77A7494BF757}.Debug|Any CPU.ActiveCfg = Debug|Any CPU
		{89899EF3-5ED8-4C32-95D4-77A7494BF757}.Debug|Any CPU.Build.0 = Debug|Any CPU
		{89899EF3-5ED8-4C32-95D4-77A7494BF757}.Release|Any CPU.ActiveCfg = Release|Any CPU
		{89899EF3-5ED8-4C32-95D4-77A7494BF757}.Release|Any CPU.Build.0 = Release|Any CPU
	EndGlobalSection
	GlobalSection(SolutionProperties) = preSolution
		HideSolutionNode = FALSE
	EndGlobalSection
	GlobalSection(ExtensibilityGlobals) = postSolution
		SolutionGuid = {AF5B0617-8740-421E-A284-7C74FB24DCA9}
	EndGlobalSection
EndGlobal
