
Microsoft Visual Studio Solution File, Format Version 12.00
# Visual Studio 15
VisualStudioVersion = 15.0.28010.2041
MinimumVisualStudioVersion = 10.0.40219.1
Project("{FAE04EC0-301F-11D3-BF4B-00C04F79EFBC}") = "Sudoku", "Sudoku\Sudoku.csproj", "{AA7CFAD9-900A-4A3F-9E5B-A63CD253A989}"
EndProject
Project("{FAE04EC0-301F-11D3-BF4B-00C04F79EFBC}") = "Minesweeper", "Minesweeper\Minesweeper.csproj", "{5B523FD7-39C8-40F6-90E3-E5DA4BFB3582}"
EndProject
Project("{FAE04EC0-301F-11D3-BF4B-00C04F79EFBC}") = "BoxBlur", "BoxBlur\BoxBlur.csproj", "{FF1582B2-F538-4B86-9BBD-CBD98DD686AD}"
EndProject
Project("{FAE04EC0-301F-11D3-BF4B-00C04F79EFBC}") = "ContoursShifting", "ContoursShifting\ContoursShifting.csproj", "{DF8BDA4D-6009-498B-AE04-7DEA862BAAAD}"
EndProject
Project("{FAE04EC0-301F-11D3-BF4B-00C04F79EFBC}") = "PolygonPerimeter", "PolygonPerimeter\PolygonPerimeter.csproj", "{671E99A0-55FF-459B-8453-42C962ED7E70}"
EndProject
Project("{FAE04EC0-301F-11D3-BF4B-00C04F79EFBC}") = "Gravitation", "Gravitation\Gravitation.csproj", "{DEB2D857-CC58-45A1-9A7D-D4CCCA669CF3}"
EndProject
Global
	GlobalSection(SolutionConfigurationPlatforms) = preSolution
		Debug|Any CPU = Debug|Any CPU
		Release|Any CPU = Release|Any CPU
	EndGlobalSection
	GlobalSection(ProjectConfigurationPlatforms) = postSolution
		{AA7CFAD9-900A-4A3F-9E5B-A63CD253A989}.Debug|Any CPU.ActiveCfg = Debug|Any CPU
		{AA7CFAD9-900A-4A3F-9E5B-A63CD253A989}.Debug|Any CPU.Build.0 = Debug|Any CPU
		{AA7CFAD9-900A-4A3F-9E5B-A63CD253A989}.Release|Any CPU.ActiveCfg = Release|Any CPU
		{AA7CFAD9-900A-4A3F-9E5B-A63CD253A989}.Release|Any CPU.Build.0 = Release|Any CPU
		{5B523FD7-39C8-40F6-90E3-E5DA4BFB3582}.Debug|Any CPU.ActiveCfg = Debug|Any CPU
		{5B523FD7-39C8-40F6-90E3-E5DA4BFB3582}.Debug|Any CPU.Build.0 = Debug|Any CPU
		{5B523FD7-39C8-40F6-90E3-E5DA4BFB3582}.Release|Any CPU.ActiveCfg = Release|Any CPU
		{5B523FD7-39C8-40F6-90E3-E5DA4BFB3582}.Release|Any CPU.Build.0 = Release|Any CPU
		{FF1582B2-F538-4B86-9BBD-CBD98DD686AD}.Debug|Any CPU.ActiveCfg = Debug|Any CPU
		{FF1582B2-F538-4B86-9BBD-CBD98DD686AD}.Debug|Any CPU.Build.0 = Debug|Any CPU
		{FF1582B2-F538-4B86-9BBD-CBD98DD686AD}.Release|Any CPU.ActiveCfg = Release|Any CPU
		{FF1582B2-F538-4B86-9BBD-CBD98DD686AD}.Release|Any CPU.Build.0 = Release|Any CPU
		{DF8BDA4D-6009-498B-AE04-7DEA862BAAAD}.Debug|Any CPU.ActiveCfg = Debug|Any CPU
		{DF8BDA4D-6009-498B-AE04-7DEA862BAAAD}.Debug|Any CPU.Build.0 = Debug|Any CPU
		{DF8BDA4D-6009-498B-AE04-7DEA862BAAAD}.Release|Any CPU.ActiveCfg = Release|Any CPU
		{DF8BDA4D-6009-498B-AE04-7DEA862BAAAD}.Release|Any CPU.Build.0 = Release|Any CPU
		{671E99A0-55FF-459B-8453-42C962ED7E70}.Debug|Any CPU.ActiveCfg = Debug|Any CPU
		{671E99A0-55FF-459B-8453-42C962ED7E70}.Debug|Any CPU.Build.0 = Debug|Any CPU
		{671E99A0-55FF-459B-8453-42C962ED7E70}.Release|Any CPU.ActiveCfg = Release|Any CPU
		{671E99A0-55FF-459B-8453-42C962ED7E70}.Release|Any CPU.Build.0 = Release|Any CPU
		{DEB2D857-CC58-45A1-9A7D-D4CCCA669CF3}.Debug|Any CPU.ActiveCfg = Debug|Any CPU
		{DEB2D857-CC58-45A1-9A7D-D4CCCA669CF3}.Debug|Any CPU.Build.0 = Debug|Any CPU
		{DEB2D857-CC58-45A1-9A7D-D4CCCA669CF3}.Release|Any CPU.ActiveCfg = Release|Any CPU
		{DEB2D857-CC58-45A1-9A7D-D4CCCA669CF3}.Release|Any CPU.Build.0 = Release|Any CPU
	EndGlobalSection
	GlobalSection(SolutionProperties) = preSolution
		HideSolutionNode = FALSE
	EndGlobalSection
	GlobalSection(ExtensibilityGlobals) = postSolution
		SolutionGuid = {C817FB40-F27D-46B9-A744-EAD7F8B9E009}
	EndGlobalSection
EndGlobal
