
Microsoft Visual Studio Solution File, Format Version 12.00
# Visual Studio 15
VisualStudioVersion = 15.0.28010.2041
MinimumVisualStudioVersion = 10.0.40219.1
Project("{FAE04EC0-301F-11D3-BF4B-00C04F79EFBC}") = "CharacterParity", "CharacterParity\CharacterParity.csproj", "{F688111C-514A-4080-9E83-1C43826D3CE6}"
EndProject
Global
	GlobalSection(SolutionConfigurationPlatforms) = preSolution
		Debug|Any CPU = Debug|Any CPU
		Release|Any CPU = Release|Any CPU
	EndGlobalSection
	GlobalSection(ProjectConfigurationPlatforms) = postSolution
		{F688111C-514A-4080-9E83-1C43826D3CE6}.Debug|Any CPU.ActiveCfg = Debug|Any CPU
		{F688111C-514A-4080-9E83-1C43826D3CE6}.Debug|Any CPU.Build.0 = Debug|Any CPU
		{F688111C-514A-4080-9E83-1C43826D3CE6}.Release|Any CPU.ActiveCfg = Release|Any CPU
		{F688111C-514A-4080-9E83-1C43826D3CE6}.Release|Any CPU.Build.0 = Release|Any CPU
	EndGlobalSection
	GlobalSection(SolutionProperties) = preSolution
		HideSolutionNode = FALSE
	EndGlobalSection
	GlobalSection(ExtensibilityGlobals) = postSolution
		SolutionGuid = {65546EAE-ED3B-40ED-AAA0-A60DB86DFD38}
	EndGlobalSection
EndGlobal
