
Microsoft Visual Studio Solution File, Format Version 12.00
# Visual Studio 15
VisualStudioVersion = 15.0.28010.2041
MinimumVisualStudioVersion = 10.0.40219.1
Project("{FAE04EC0-301F-11D3-BF4B-00C04F79EFBC}") = "CharacterParity", "CharacterParity\CharacterParity.csproj", "{F688111C-514A-4080-9E83-1C43826D3CE6}"
EndProject
Project("{FAE04EC0-301F-11D3-BF4B-00C04F79EFBC}") = "ReflectString", "ReflectString\ReflectString.csproj", "{7C702E6A-B9CB-4787-8028-AAA2A950C681}"
EndProject
Project("{FAE04EC0-301F-11D3-BF4B-00C04F79EFBC}") = "NewNumeralSystem", "NewNumeralSystem\NewNumeralSystem.csproj", "{15724CA7-0C3F-407C-AE79-3F2AC9368F51}"
EndProject
Project("{FAE04EC0-301F-11D3-BF4B-00C04F79EFBC}") = "Cipher26", "Cipher26\Cipher26.csproj", "{F60C9D37-DEDB-4D47-9509-4DC30E8C1F41}"
EndProject
Project("{FAE04EC0-301F-11D3-BF4B-00C04F79EFBC}") = "StolenLunch", "StolenLunch\StolenLunch.csproj", "{85797747-E818-4BA5-926D-B61EC5D4B1EE}"
EndProject
Project("{FAE04EC0-301F-11D3-BF4B-00C04F79EFBC}") = "HigherVersion", "HigherVersion\HigherVersion.csproj", "{909669AE-132F-44E5-8387-59740D0064D2}"
EndProject
Project("{FAE04EC0-301F-11D3-BF4B-00C04F79EFBC}") = "Decipher", "Decipher\Decipher.csproj", "{DB73B62C-A106-4588-98FE-27EA9784F2CC}"
EndProject
Global
	GlobalSection(SolutionConfigurationPlatforms) = preSolution
		Debug|Any CPU = Debug|Any CPU
		Release|Any CPU = Release|Any CPU
	EndGlobalSection
	GlobalSection(ProjectConfigurationPlatforms) = postSolution
		{F688111C-514A-4080-9E83-1C43826D3CE6}.Debug|Any CPU.ActiveCfg = Debug|Any CPU
		{F688111C-514A-4080-9E83-1C43826D3CE6}.Debug|Any CPU.Build.0 = Debug|Any CPU
		{F688111C-514A-4080-9E83-1C43826D3CE6}.Release|Any CPU.ActiveCfg = Release|Any CPU
		{F688111C-514A-4080-9E83-1C43826D3CE6}.Release|Any CPU.Build.0 = Release|Any CPU
		{7C702E6A-B9CB-4787-8028-AAA2A950C681}.Debug|Any CPU.ActiveCfg = Debug|Any CPU
		{7C702E6A-B9CB-4787-8028-AAA2A950C681}.Debug|Any CPU.Build.0 = Debug|Any CPU
		{7C702E6A-B9CB-4787-8028-AAA2A950C681}.Release|Any CPU.ActiveCfg = Release|Any CPU
		{7C702E6A-B9CB-4787-8028-AAA2A950C681}.Release|Any CPU.Build.0 = Release|Any CPU
		{15724CA7-0C3F-407C-AE79-3F2AC9368F51}.Debug|Any CPU.ActiveCfg = Debug|Any CPU
		{15724CA7-0C3F-407C-AE79-3F2AC9368F51}.Debug|Any CPU.Build.0 = Debug|Any CPU
		{15724CA7-0C3F-407C-AE79-3F2AC9368F51}.Release|Any CPU.ActiveCfg = Release|Any CPU
		{15724CA7-0C3F-407C-AE79-3F2AC9368F51}.Release|Any CPU.Build.0 = Release|Any CPU
		{F60C9D37-DEDB-4D47-9509-4DC30E8C1F41}.Debug|Any CPU.ActiveCfg = Debug|Any CPU
		{F60C9D37-DEDB-4D47-9509-4DC30E8C1F41}.Debug|Any CPU.Build.0 = Debug|Any CPU
		{F60C9D37-DEDB-4D47-9509-4DC30E8C1F41}.Release|Any CPU.ActiveCfg = Release|Any CPU
		{F60C9D37-DEDB-4D47-9509-4DC30E8C1F41}.Release|Any CPU.Build.0 = Release|Any CPU
		{85797747-E818-4BA5-926D-B61EC5D4B1EE}.Debug|Any CPU.ActiveCfg = Debug|Any CPU
		{85797747-E818-4BA5-926D-B61EC5D4B1EE}.Debug|Any CPU.Build.0 = Debug|Any CPU
		{85797747-E818-4BA5-926D-B61EC5D4B1EE}.Release|Any CPU.ActiveCfg = Release|Any CPU
		{85797747-E818-4BA5-926D-B61EC5D4B1EE}.Release|Any CPU.Build.0 = Release|Any CPU
		{909669AE-132F-44E5-8387-59740D0064D2}.Debug|Any CPU.ActiveCfg = Debug|Any CPU
		{909669AE-132F-44E5-8387-59740D0064D2}.Debug|Any CPU.Build.0 = Debug|Any CPU
		{909669AE-132F-44E5-8387-59740D0064D2}.Release|Any CPU.ActiveCfg = Release|Any CPU
		{909669AE-132F-44E5-8387-59740D0064D2}.Release|Any CPU.Build.0 = Release|Any CPU
		{DB73B62C-A106-4588-98FE-27EA9784F2CC}.Debug|Any CPU.ActiveCfg = Debug|Any CPU
		{DB73B62C-A106-4588-98FE-27EA9784F2CC}.Debug|Any CPU.Build.0 = Debug|Any CPU
		{DB73B62C-A106-4588-98FE-27EA9784F2CC}.Release|Any CPU.ActiveCfg = Release|Any CPU
		{DB73B62C-A106-4588-98FE-27EA9784F2CC}.Release|Any CPU.Build.0 = Release|Any CPU
	EndGlobalSection
	GlobalSection(SolutionProperties) = preSolution
		HideSolutionNode = FALSE
	EndGlobalSection
	GlobalSection(ExtensibilityGlobals) = postSolution
		SolutionGuid = {65546EAE-ED3B-40ED-AAA0-A60DB86DFD38}
	EndGlobalSection
EndGlobal
