
Microsoft Visual Studio Solution File, Format Version 12.00
# Visual Studio 15
VisualStudioVersion = 15.0.28010.2041
MinimumVisualStudioVersion = 10.0.40219.1
Project("{FAE04EC0-301F-11D3-BF4B-00C04F79EFBC}") = "HouseNumbersSum", "HouseNumbersSum\HouseNumbersSum.csproj", "{F4A4FBBA-A7A6-4790-8BA7-B527967E422F}"
EndProject
Project("{FAE04EC0-301F-11D3-BF4B-00C04F79EFBC}") = "AllLongestStrings", "AllLongestStrings\AllLongestStrings.csproj", "{5D6FE655-F9D8-460C-847A-5C1E623081B9}"
EndProject
Project("{FAE04EC0-301F-11D3-BF4B-00C04F79EFBC}") = "HouseOfCats", "HouseOfCats\HouseOfCats.csproj", "{841CCD77-5430-4005-A366-60AFEF81ABF6}"
EndProject
Global
	GlobalSection(SolutionConfigurationPlatforms) = preSolution
		Debug|Any CPU = Debug|Any CPU
		Release|Any CPU = Release|Any CPU
	EndGlobalSection
	GlobalSection(ProjectConfigurationPlatforms) = postSolution
		{F4A4FBBA-A7A6-4790-8BA7-B527967E422F}.Debug|Any CPU.ActiveCfg = Debug|Any CPU
		{F4A4FBBA-A7A6-4790-8BA7-B527967E422F}.Debug|Any CPU.Build.0 = Debug|Any CPU
		{F4A4FBBA-A7A6-4790-8BA7-B527967E422F}.Release|Any CPU.ActiveCfg = Release|Any CPU
		{F4A4FBBA-A7A6-4790-8BA7-B527967E422F}.Release|Any CPU.Build.0 = Release|Any CPU
		{5D6FE655-F9D8-460C-847A-5C1E623081B9}.Debug|Any CPU.ActiveCfg = Debug|Any CPU
		{5D6FE655-F9D8-460C-847A-5C1E623081B9}.Debug|Any CPU.Build.0 = Debug|Any CPU
		{5D6FE655-F9D8-460C-847A-5C1E623081B9}.Release|Any CPU.ActiveCfg = Release|Any CPU
		{5D6FE655-F9D8-460C-847A-5C1E623081B9}.Release|Any CPU.Build.0 = Release|Any CPU
		{841CCD77-5430-4005-A366-60AFEF81ABF6}.Debug|Any CPU.ActiveCfg = Debug|Any CPU
		{841CCD77-5430-4005-A366-60AFEF81ABF6}.Debug|Any CPU.Build.0 = Debug|Any CPU
		{841CCD77-5430-4005-A366-60AFEF81ABF6}.Release|Any CPU.ActiveCfg = Release|Any CPU
		{841CCD77-5430-4005-A366-60AFEF81ABF6}.Release|Any CPU.Build.0 = Release|Any CPU
	EndGlobalSection
	GlobalSection(SolutionProperties) = preSolution
		HideSolutionNode = FALSE
	EndGlobalSection
	GlobalSection(ExtensibilityGlobals) = postSolution
		SolutionGuid = {FF6F6908-AE50-4CCB-8161-0E5625BFCDB6}
	EndGlobalSection
EndGlobal
