
Microsoft Visual Studio Solution File, Format Version 12.00
# Visual Studio 15
VisualStudioVersion = 15.0.28010.2041
MinimumVisualStudioVersion = 10.0.40219.1
Project("{FAE04EC0-301F-11D3-BF4B-00C04F79EFBC}") = "ShuffledArray", "ShuffledArray\ShuffledArray.csproj", "{9CB2372F-93D3-4504-87A1-181D1C3D3E3F}"
EndProject
Project("{FAE04EC0-301F-11D3-BF4B-00C04F79EFBC}") = "SortByHeight", "SortByHeight\SortByHeight.csproj", "{7D4367A0-3C5E-46FE-8D99-ED0606EBA0E7}"
EndProject
Project("{FAE04EC0-301F-11D3-BF4B-00C04F79EFBC}") = "SortByLength", "SortByLength\SortByLength.csproj", "{4DF1EF92-FCE0-4544-8B82-D1F9D0F2D875}"
EndProject
Project("{FAE04EC0-301F-11D3-BF4B-00C04F79EFBC}") = "BoxesPacking", "BoxesPacking\BoxesPacking.csproj", "{63739E5F-0C53-4188-ADE2-BF7A2B710036}"
EndProject
Project("{FAE04EC0-301F-11D3-BF4B-00C04F79EFBC}") = "MaximumSum", "MaximumSum\MaximumSum.csproj", "{B56BBBB2-A977-4077-9D1A-C879C707B05D}"
EndProject
Project("{FAE04EC0-301F-11D3-BF4B-00C04F79EFBC}") = "RowsRearranging", "RowsRearranging\RowsRearranging.csproj", "{6DA94F1C-98EB-4E26-A316-83BB3A5CA3FB}"
EndProject
Project("{FAE04EC0-301F-11D3-BF4B-00C04F79EFBC}") = "DigitDifferenceSort", "DigitDifferenceSort\DigitDifferenceSort.csproj", "{AC50D2D4-5304-4437-A417-AEF6B0A7883D}"
EndProject
Global
	GlobalSection(SolutionConfigurationPlatforms) = preSolution
		Debug|Any CPU = Debug|Any CPU
		Release|Any CPU = Release|Any CPU
	EndGlobalSection
	GlobalSection(ProjectConfigurationPlatforms) = postSolution
		{9CB2372F-93D3-4504-87A1-181D1C3D3E3F}.Debug|Any CPU.ActiveCfg = Debug|Any CPU
		{9CB2372F-93D3-4504-87A1-181D1C3D3E3F}.Debug|Any CPU.Build.0 = Debug|Any CPU
		{9CB2372F-93D3-4504-87A1-181D1C3D3E3F}.Release|Any CPU.ActiveCfg = Release|Any CPU
		{9CB2372F-93D3-4504-87A1-181D1C3D3E3F}.Release|Any CPU.Build.0 = Release|Any CPU
		{7D4367A0-3C5E-46FE-8D99-ED0606EBA0E7}.Debug|Any CPU.ActiveCfg = Debug|Any CPU
		{7D4367A0-3C5E-46FE-8D99-ED0606EBA0E7}.Debug|Any CPU.Build.0 = Debug|Any CPU
		{7D4367A0-3C5E-46FE-8D99-ED0606EBA0E7}.Release|Any CPU.ActiveCfg = Release|Any CPU
		{7D4367A0-3C5E-46FE-8D99-ED0606EBA0E7}.Release|Any CPU.Build.0 = Release|Any CPU
		{4DF1EF92-FCE0-4544-8B82-D1F9D0F2D875}.Debug|Any CPU.ActiveCfg = Debug|Any CPU
		{4DF1EF92-FCE0-4544-8B82-D1F9D0F2D875}.Debug|Any CPU.Build.0 = Debug|Any CPU
		{4DF1EF92-FCE0-4544-8B82-D1F9D0F2D875}.Release|Any CPU.ActiveCfg = Release|Any CPU
		{4DF1EF92-FCE0-4544-8B82-D1F9D0F2D875}.Release|Any CPU.Build.0 = Release|Any CPU
		{63739E5F-0C53-4188-ADE2-BF7A2B710036}.Debug|Any CPU.ActiveCfg = Debug|Any CPU
		{63739E5F-0C53-4188-ADE2-BF7A2B710036}.Debug|Any CPU.Build.0 = Debug|Any CPU
		{63739E5F-0C53-4188-ADE2-BF7A2B710036}.Release|Any CPU.ActiveCfg = Release|Any CPU
		{63739E5F-0C53-4188-ADE2-BF7A2B710036}.Release|Any CPU.Build.0 = Release|Any CPU
		{B56BBBB2-A977-4077-9D1A-C879C707B05D}.Debug|Any CPU.ActiveCfg = Debug|Any CPU
		{B56BBBB2-A977-4077-9D1A-C879C707B05D}.Debug|Any CPU.Build.0 = Debug|Any CPU
		{B56BBBB2-A977-4077-9D1A-C879C707B05D}.Release|Any CPU.ActiveCfg = Release|Any CPU
		{B56BBBB2-A977-4077-9D1A-C879C707B05D}.Release|Any CPU.Build.0 = Release|Any CPU
		{6DA94F1C-98EB-4E26-A316-83BB3A5CA3FB}.Debug|Any CPU.ActiveCfg = Debug|Any CPU
		{6DA94F1C-98EB-4E26-A316-83BB3A5CA3FB}.Debug|Any CPU.Build.0 = Debug|Any CPU
		{6DA94F1C-98EB-4E26-A316-83BB3A5CA3FB}.Release|Any CPU.ActiveCfg = Release|Any CPU
		{6DA94F1C-98EB-4E26-A316-83BB3A5CA3FB}.Release|Any CPU.Build.0 = Release|Any CPU
		{AC50D2D4-5304-4437-A417-AEF6B0A7883D}.Debug|Any CPU.ActiveCfg = Debug|Any CPU
		{AC50D2D4-5304-4437-A417-AEF6B0A7883D}.Debug|Any CPU.Build.0 = Debug|Any CPU
		{AC50D2D4-5304-4437-A417-AEF6B0A7883D}.Release|Any CPU.ActiveCfg = Release|Any CPU
		{AC50D2D4-5304-4437-A417-AEF6B0A7883D}.Release|Any CPU.Build.0 = Release|Any CPU
	EndGlobalSection
	GlobalSection(SolutionProperties) = preSolution
		HideSolutionNode = FALSE
	EndGlobalSection
	GlobalSection(ExtensibilityGlobals) = postSolution
		SolutionGuid = {94E659D2-2D2D-430E-8A28-CA98232979CC}
	EndGlobalSection
EndGlobal
