
Microsoft Visual Studio Solution File, Format Version 12.00
# Visual Studio 15
VisualStudioVersion = 15.0.28010.2041
MinimumVisualStudioVersion = 10.0.40219.1
Project("{FAE04EC0-301F-11D3-BF4B-00C04F79EFBC}") = "ShuffledArray", "ShuffledArray\ShuffledArray.csproj", "{9CB2372F-93D3-4504-87A1-181D1C3D3E3F}"
EndProject
Project("{FAE04EC0-301F-11D3-BF4B-00C04F79EFBC}") = "SortByHeight", "SortByHeight\SortByHeight.csproj", "{7D4367A0-3C5E-46FE-8D99-ED0606EBA0E7}"
EndProject
Global
	GlobalSection(SolutionConfigurationPlatforms) = preSolution
		Debug|Any CPU = Debug|Any CPU
		Release|Any CPU = Release|Any CPU
	EndGlobalSection
	GlobalSection(ProjectConfigurationPlatforms) = postSolution
		{9CB2372F-93D3-4504-87A1-181D1C3D3E3F}.Debug|Any CPU.ActiveCfg = Debug|Any CPU
		{9CB2372F-93D3-4504-87A1-181D1C3D3E3F}.Debug|Any CPU.Build.0 = Debug|Any CPU
		{9CB2372F-93D3-4504-87A1-181D1C3D3E3F}.Release|Any CPU.ActiveCfg = Release|Any CPU
		{9CB2372F-93D3-4504-87A1-181D1C3D3E3F}.Release|Any CPU.Build.0 = Release|Any CPU
		{7D4367A0-3C5E-46FE-8D99-ED0606EBA0E7}.Debug|Any CPU.ActiveCfg = Debug|Any CPU
		{7D4367A0-3C5E-46FE-8D99-ED0606EBA0E7}.Debug|Any CPU.Build.0 = Debug|Any CPU
		{7D4367A0-3C5E-46FE-8D99-ED0606EBA0E7}.Release|Any CPU.ActiveCfg = Release|Any CPU
		{7D4367A0-3C5E-46FE-8D99-ED0606EBA0E7}.Release|Any CPU.Build.0 = Release|Any CPU
	EndGlobalSection
	GlobalSection(SolutionProperties) = preSolution
		HideSolutionNode = FALSE
	EndGlobalSection
	GlobalSection(ExtensibilityGlobals) = postSolution
		SolutionGuid = {94E659D2-2D2D-430E-8A28-CA98232979CC}
	EndGlobalSection
EndGlobal
