
Microsoft Visual Studio Solution File, Format Version 12.00
# Visual Studio 15
VisualStudioVersion = 15.0.28010.2041
MinimumVisualStudioVersion = 10.0.40219.1
Project("{FAE04EC0-301F-11D3-BF4B-00C04F79EFBC}") = "ExractMatrixColumn", "ExractMatrixColumn\ExractMatrixColumn.csproj", "{056AA1AE-2E19-4A54-AE6A-F088EABDFF7D}"
EndProject
Project("{FAE04EC0-301F-11D3-BF4B-00C04F79EFBC}") = "AreIsomorphic", "AreIsomorphic\AreIsomorphic.csproj", "{0101EE48-82E5-449E-B208-E63AF7084065}"
EndProject
Project("{FAE04EC0-301F-11D3-BF4B-00C04F79EFBC}") = "ReverseOnDiagonals", "ReverseOnDiagonals\ReverseOnDiagonals.csproj", "{5F7E0860-3230-46F5-9088-E6AEEBE5F961}"
EndProject
Project("{FAE04EC0-301F-11D3-BF4B-00C04F79EFBC}") = "SwapDiagonals", "SwapDiagonals\SwapDiagonals.csproj", "{D8326CE3-8AA8-4954-8F58-53562CAFEEF1}"
EndProject
Global
	GlobalSection(SolutionConfigurationPlatforms) = preSolution
		Debug|Any CPU = Debug|Any CPU
		Release|Any CPU = Release|Any CPU
	EndGlobalSection
	GlobalSection(ProjectConfigurationPlatforms) = postSolution
		{056AA1AE-2E19-4A54-AE6A-F088EABDFF7D}.Debug|Any CPU.ActiveCfg = Debug|Any CPU
		{056AA1AE-2E19-4A54-AE6A-F088EABDFF7D}.Debug|Any CPU.Build.0 = Debug|Any CPU
		{056AA1AE-2E19-4A54-AE6A-F088EABDFF7D}.Release|Any CPU.ActiveCfg = Release|Any CPU
		{056AA1AE-2E19-4A54-AE6A-F088EABDFF7D}.Release|Any CPU.Build.0 = Release|Any CPU
		{0101EE48-82E5-449E-B208-E63AF7084065}.Debug|Any CPU.ActiveCfg = Debug|Any CPU
		{0101EE48-82E5-449E-B208-E63AF7084065}.Debug|Any CPU.Build.0 = Debug|Any CPU
		{0101EE48-82E5-449E-B208-E63AF7084065}.Release|Any CPU.ActiveCfg = Release|Any CPU
		{0101EE48-82E5-449E-B208-E63AF7084065}.Release|Any CPU.Build.0 = Release|Any CPU
		{5F7E0860-3230-46F5-9088-E6AEEBE5F961}.Debug|Any CPU.ActiveCfg = Debug|Any CPU
		{5F7E0860-3230-46F5-9088-E6AEEBE5F961}.Debug|Any CPU.Build.0 = Debug|Any CPU
		{5F7E0860-3230-46F5-9088-E6AEEBE5F961}.Release|Any CPU.ActiveCfg = Release|Any CPU
		{5F7E0860-3230-46F5-9088-E6AEEBE5F961}.Release|Any CPU.Build.0 = Release|Any CPU
		{D8326CE3-8AA8-4954-8F58-53562CAFEEF1}.Debug|Any CPU.ActiveCfg = Debug|Any CPU
		{D8326CE3-8AA8-4954-8F58-53562CAFEEF1}.Debug|Any CPU.Build.0 = Debug|Any CPU
		{D8326CE3-8AA8-4954-8F58-53562CAFEEF1}.Release|Any CPU.ActiveCfg = Release|Any CPU
		{D8326CE3-8AA8-4954-8F58-53562CAFEEF1}.Release|Any CPU.Build.0 = Release|Any CPU
	EndGlobalSection
	GlobalSection(SolutionProperties) = preSolution
		HideSolutionNode = FALSE
	EndGlobalSection
	GlobalSection(ExtensibilityGlobals) = postSolution
		SolutionGuid = {A78799A3-4212-454F-A0C6-FA8C3DDFC0B3}
	EndGlobalSection
EndGlobal
