
Microsoft Visual Studio Solution File, Format Version 12.00
# Visual Studio 15
VisualStudioVersion = 15.0.28010.2041
MinimumVisualStudioVersion = 10.0.40219.1
Project("{FAE04EC0-301F-11D3-BF4B-00C04F79EFBC}") = "JumpingJimmy", "JumpingJimmy\JumpingJimmy.csproj", "{43103EB5-1A44-49FC-8164-01865DD38E47}"
EndProject
Project("{FAE04EC0-301F-11D3-BF4B-00C04F79EFBC}") = "EquitableMeetup", "EquitableMeetup\EquitableMeetup.csproj", "{60F6CEF0-577F-4FF1-9250-245FD6E8BA94}"
EndProject
Project("{FAE04EC0-301F-11D3-BF4B-00C04F79EFBC}") = "ScariestMask", "ScariestMask\ScariestMask.csproj", "{38A18A6C-750B-40E9-AC4A-E2D3F9F9EF71}"
EndProject
Project("{FAE04EC0-301F-11D3-BF4B-00C04F79EFBC}") = "WailingGhosts", "WailingGhosts\WailingGhosts.csproj", "{E27A4990-B0A9-4D5A-B662-08C3294ABF3B}"
EndProject
Project("{FAE04EC0-301F-11D3-BF4B-00C04F79EFBC}") = "ISConnectableListOfNum", "ISConnectableListOfNum\ISConnectableListOfNum.csproj", "{96802659-FDD8-4B79-9F2F-CF84D2EFE402}"
EndProject
Project("{FAE04EC0-301F-11D3-BF4B-00C04F79EFBC}") = "EncodingDecoding", "EncodingDecoding\EncodingDecoding.csproj", "{5783986A-DF47-4BB6-B2B7-B66011BFAAB3}"
EndProject
Project("{FAE04EC0-301F-11D3-BF4B-00C04F79EFBC}") = "ReverseInterference", "ReverseInterference\ReverseInterference.csproj", "{940137E8-8820-40BE-BDA5-C75566C16FAB}"
EndProject
Project("{FAE04EC0-301F-11D3-BF4B-00C04F79EFBC}") = "BestPumpkin", "BestPumpkin\BestPumpkin.csproj", "{D9352E27-D3EA-4074-809F-D64EF630B05B}"
EndProject
Project("{FAE04EC0-301F-11D3-BF4B-00C04F79EFBC}") = "SpeedingForCandy", "SpeedingForCandy\SpeedingForCandy.csproj", "{8E50809C-0591-42C0-9D84-64E7C771E2B0}"
EndProject
Project("{FAE04EC0-301F-11D3-BF4B-00C04F79EFBC}") = "SugarHigh", "SugarHigh\SugarHigh.csproj", "{1DE5A447-0CC6-4480-AE0D-47F8F38B2D3B}"
EndProject
Project("{FAE04EC0-301F-11D3-BF4B-00C04F79EFBC}") = "FragileRotatingBox", "FragileRotatingBox\FragileRotatingBox.csproj", "{4D801D86-CC2F-48A1-8763-AE75A76BB27E}"
EndProject
Project("{FAE04EC0-301F-11D3-BF4B-00C04F79EFBC}") = "JumpingJimmy2", "JumpingJimmy2\JumpingJimmy2.csproj", "{2E80DBC0-7E05-4E32-8B18-276E3279575D}"
EndProject
Project("{FAE04EC0-301F-11D3-BF4B-00C04F79EFBC}") = "FallBack", "FallBack\FallBack.csproj", "{E03F487A-9D6C-490B-AB3E-24AE70495A12}"
EndProject
Project("{FAE04EC0-301F-11D3-BF4B-00C04F79EFBC}") = "OptimalRotatingBox", "OptimalRotatingBox\OptimalRotatingBox.csproj", "{E99837A4-9EBC-45A6-B25E-7A4B912BAF94}"
EndProject
Project("{FAE04EC0-301F-11D3-BF4B-00C04F79EFBC}") = "SecretAgentsMeetingProposal", "SecretAgentsMeetingProposal\SecretAgentsMeetingProposal.csproj", "{DE5C3B62-75AE-409F-AA44-B4E336B32149}"
EndProject
Project("{FAE04EC0-301F-11D3-BF4B-00C04F79EFBC}") = "NBonacciDegree", "NBonacciDegree\NBonacciDegree.csproj", "{F34127CD-46FC-4D0B-B4D6-9CE85DAB2D3A}"
EndProject
Global
	GlobalSection(SolutionConfigurationPlatforms) = preSolution
		Debug|Any CPU = Debug|Any CPU
		Release|Any CPU = Release|Any CPU
	EndGlobalSection
	GlobalSection(ProjectConfigurationPlatforms) = postSolution
		{43103EB5-1A44-49FC-8164-01865DD38E47}.Debug|Any CPU.ActiveCfg = Debug|Any CPU
		{43103EB5-1A44-49FC-8164-01865DD38E47}.Debug|Any CPU.Build.0 = Debug|Any CPU
		{43103EB5-1A44-49FC-8164-01865DD38E47}.Release|Any CPU.ActiveCfg = Release|Any CPU
		{43103EB5-1A44-49FC-8164-01865DD38E47}.Release|Any CPU.Build.0 = Release|Any CPU
		{60F6CEF0-577F-4FF1-9250-245FD6E8BA94}.Debug|Any CPU.ActiveCfg = Debug|Any CPU
		{60F6CEF0-577F-4FF1-9250-245FD6E8BA94}.Debug|Any CPU.Build.0 = Debug|Any CPU
		{60F6CEF0-577F-4FF1-9250-245FD6E8BA94}.Release|Any CPU.ActiveCfg = Release|Any CPU
		{60F6CEF0-577F-4FF1-9250-245FD6E8BA94}.Release|Any CPU.Build.0 = Release|Any CPU
		{38A18A6C-750B-40E9-AC4A-E2D3F9F9EF71}.Debug|Any CPU.ActiveCfg = Debug|Any CPU
		{38A18A6C-750B-40E9-AC4A-E2D3F9F9EF71}.Debug|Any CPU.Build.0 = Debug|Any CPU
		{38A18A6C-750B-40E9-AC4A-E2D3F9F9EF71}.Release|Any CPU.ActiveCfg = Release|Any CPU
		{38A18A6C-750B-40E9-AC4A-E2D3F9F9EF71}.Release|Any CPU.Build.0 = Release|Any CPU
		{E27A4990-B0A9-4D5A-B662-08C3294ABF3B}.Debug|Any CPU.ActiveCfg = Debug|Any CPU
		{E27A4990-B0A9-4D5A-B662-08C3294ABF3B}.Debug|Any CPU.Build.0 = Debug|Any CPU
		{E27A4990-B0A9-4D5A-B662-08C3294ABF3B}.Release|Any CPU.ActiveCfg = Release|Any CPU
		{E27A4990-B0A9-4D5A-B662-08C3294ABF3B}.Release|Any CPU.Build.0 = Release|Any CPU
		{96802659-FDD8-4B79-9F2F-CF84D2EFE402}.Debug|Any CPU.ActiveCfg = Debug|Any CPU
		{96802659-FDD8-4B79-9F2F-CF84D2EFE402}.Debug|Any CPU.Build.0 = Debug|Any CPU
		{96802659-FDD8-4B79-9F2F-CF84D2EFE402}.Release|Any CPU.ActiveCfg = Release|Any CPU
		{96802659-FDD8-4B79-9F2F-CF84D2EFE402}.Release|Any CPU.Build.0 = Release|Any CPU
		{5783986A-DF47-4BB6-B2B7-B66011BFAAB3}.Debug|Any CPU.ActiveCfg = Debug|Any CPU
		{5783986A-DF47-4BB6-B2B7-B66011BFAAB3}.Debug|Any CPU.Build.0 = Debug|Any CPU
		{5783986A-DF47-4BB6-B2B7-B66011BFAAB3}.Release|Any CPU.ActiveCfg = Release|Any CPU
		{5783986A-DF47-4BB6-B2B7-B66011BFAAB3}.Release|Any CPU.Build.0 = Release|Any CPU
		{940137E8-8820-40BE-BDA5-C75566C16FAB}.Debug|Any CPU.ActiveCfg = Debug|Any CPU
		{940137E8-8820-40BE-BDA5-C75566C16FAB}.Debug|Any CPU.Build.0 = Debug|Any CPU
		{940137E8-8820-40BE-BDA5-C75566C16FAB}.Release|Any CPU.ActiveCfg = Release|Any CPU
		{940137E8-8820-40BE-BDA5-C75566C16FAB}.Release|Any CPU.Build.0 = Release|Any CPU
		{D9352E27-D3EA-4074-809F-D64EF630B05B}.Debug|Any CPU.ActiveCfg = Debug|Any CPU
		{D9352E27-D3EA-4074-809F-D64EF630B05B}.Debug|Any CPU.Build.0 = Debug|Any CPU
		{D9352E27-D3EA-4074-809F-D64EF630B05B}.Release|Any CPU.ActiveCfg = Release|Any CPU
		{D9352E27-D3EA-4074-809F-D64EF630B05B}.Release|Any CPU.Build.0 = Release|Any CPU
		{8E50809C-0591-42C0-9D84-64E7C771E2B0}.Debug|Any CPU.ActiveCfg = Debug|Any CPU
		{8E50809C-0591-42C0-9D84-64E7C771E2B0}.Debug|Any CPU.Build.0 = Debug|Any CPU
		{8E50809C-0591-42C0-9D84-64E7C771E2B0}.Release|Any CPU.ActiveCfg = Release|Any CPU
		{8E50809C-0591-42C0-9D84-64E7C771E2B0}.Release|Any CPU.Build.0 = Release|Any CPU
		{1DE5A447-0CC6-4480-AE0D-47F8F38B2D3B}.Debug|Any CPU.ActiveCfg = Debug|Any CPU
		{1DE5A447-0CC6-4480-AE0D-47F8F38B2D3B}.Debug|Any CPU.Build.0 = Debug|Any CPU
		{1DE5A447-0CC6-4480-AE0D-47F8F38B2D3B}.Release|Any CPU.ActiveCfg = Release|Any CPU
		{1DE5A447-0CC6-4480-AE0D-47F8F38B2D3B}.Release|Any CPU.Build.0 = Release|Any CPU
		{4D801D86-CC2F-48A1-8763-AE75A76BB27E}.Debug|Any CPU.ActiveCfg = Debug|Any CPU
		{4D801D86-CC2F-48A1-8763-AE75A76BB27E}.Debug|Any CPU.Build.0 = Debug|Any CPU
		{4D801D86-CC2F-48A1-8763-AE75A76BB27E}.Release|Any CPU.ActiveCfg = Release|Any CPU
		{4D801D86-CC2F-48A1-8763-AE75A76BB27E}.Release|Any CPU.Build.0 = Release|Any CPU
		{2E80DBC0-7E05-4E32-8B18-276E3279575D}.Debug|Any CPU.ActiveCfg = Debug|Any CPU
		{2E80DBC0-7E05-4E32-8B18-276E3279575D}.Debug|Any CPU.Build.0 = Debug|Any CPU
		{2E80DBC0-7E05-4E32-8B18-276E3279575D}.Release|Any CPU.ActiveCfg = Release|Any CPU
		{2E80DBC0-7E05-4E32-8B18-276E3279575D}.Release|Any CPU.Build.0 = Release|Any CPU
		{E03F487A-9D6C-490B-AB3E-24AE70495A12}.Debug|Any CPU.ActiveCfg = Debug|Any CPU
		{E03F487A-9D6C-490B-AB3E-24AE70495A12}.Debug|Any CPU.Build.0 = Debug|Any CPU
		{E03F487A-9D6C-490B-AB3E-24AE70495A12}.Release|Any CPU.ActiveCfg = Release|Any CPU
		{E03F487A-9D6C-490B-AB3E-24AE70495A12}.Release|Any CPU.Build.0 = Release|Any CPU
		{E99837A4-9EBC-45A6-B25E-7A4B912BAF94}.Debug|Any CPU.ActiveCfg = Debug|Any CPU
		{E99837A4-9EBC-45A6-B25E-7A4B912BAF94}.Debug|Any CPU.Build.0 = Debug|Any CPU
		{E99837A4-9EBC-45A6-B25E-7A4B912BAF94}.Release|Any CPU.ActiveCfg = Release|Any CPU
		{E99837A4-9EBC-45A6-B25E-7A4B912BAF94}.Release|Any CPU.Build.0 = Release|Any CPU
		{DE5C3B62-75AE-409F-AA44-B4E336B32149}.Debug|Any CPU.ActiveCfg = Debug|Any CPU
		{DE5C3B62-75AE-409F-AA44-B4E336B32149}.Debug|Any CPU.Build.0 = Debug|Any CPU
		{DE5C3B62-75AE-409F-AA44-B4E336B32149}.Release|Any CPU.ActiveCfg = Release|Any CPU
		{DE5C3B62-75AE-409F-AA44-B4E336B32149}.Release|Any CPU.Build.0 = Release|Any CPU
		{F34127CD-46FC-4D0B-B4D6-9CE85DAB2D3A}.Debug|Any CPU.ActiveCfg = Debug|Any CPU
		{F34127CD-46FC-4D0B-B4D6-9CE85DAB2D3A}.Debug|Any CPU.Build.0 = Debug|Any CPU
		{F34127CD-46FC-4D0B-B4D6-9CE85DAB2D3A}.Release|Any CPU.ActiveCfg = Release|Any CPU
		{F34127CD-46FC-4D0B-B4D6-9CE85DAB2D3A}.Release|Any CPU.Build.0 = Release|Any CPU
	EndGlobalSection
	GlobalSection(SolutionProperties) = preSolution
		HideSolutionNode = FALSE
	EndGlobalSection
	GlobalSection(ExtensibilityGlobals) = postSolution
		SolutionGuid = {0A62C38C-20A7-4D94-86E7-A0E6B9090CB7}
	EndGlobalSection
EndGlobal
