
Microsoft Visual Studio Solution File, Format Version 12.00
# Visual Studio 15
VisualStudioVersion = 15.0.28010.2041
MinimumVisualStudioVersion = 10.0.40219.1
Project("{FAE04EC0-301F-11D3-BF4B-00C04F79EFBC}") = "JumpingJimmy", "JumpingJimmy\JumpingJimmy.csproj", "{43103EB5-1A44-49FC-8164-01865DD38E47}"
EndProject
Project("{FAE04EC0-301F-11D3-BF4B-00C04F79EFBC}") = "EquitableMeetup", "EquitableMeetup\EquitableMeetup.csproj", "{60F6CEF0-577F-4FF1-9250-245FD6E8BA94}"
EndProject
Project("{FAE04EC0-301F-11D3-BF4B-00C04F79EFBC}") = "ScariestMask", "ScariestMask\ScariestMask.csproj", "{38A18A6C-750B-40E9-AC4A-E2D3F9F9EF71}"
EndProject
Project("{FAE04EC0-301F-11D3-BF4B-00C04F79EFBC}") = "WailingGhosts", "WailingGhosts\WailingGhosts.csproj", "{E27A4990-B0A9-4D5A-B662-08C3294ABF3B}"
EndProject
Project("{FAE04EC0-301F-11D3-BF4B-00C04F79EFBC}") = "ISConnectableListOfNum", "ISConnectableListOfNum\ISConnectableListOfNum.csproj", "{96802659-FDD8-4B79-9F2F-CF84D2EFE402}"
EndProject
Project("{FAE04EC0-301F-11D3-BF4B-00C04F79EFBC}") = "EncodingDecoding", "EncodingDecoding\EncodingDecoding.csproj", "{5783986A-DF47-4BB6-B2B7-B66011BFAAB3}"
EndProject
Project("{FAE04EC0-301F-11D3-BF4B-00C04F79EFBC}") = "ReverseInterference", "ReverseInterference\ReverseInterference.csproj", "{940137E8-8820-40BE-BDA5-C75566C16FAB}"
EndProject
Project("{FAE04EC0-301F-11D3-BF4B-00C04F79EFBC}") = "BestPumpkin", "BestPumpkin\BestPumpkin.csproj", "{D9352E27-D3EA-4074-809F-D64EF630B05B}"
EndProject
Global
	GlobalSection(SolutionConfigurationPlatforms) = preSolution
		Debug|Any CPU = Debug|Any CPU
		Release|Any CPU = Release|Any CPU
	EndGlobalSection
	GlobalSection(ProjectConfigurationPlatforms) = postSolution
		{43103EB5-1A44-49FC-8164-01865DD38E47}.Debug|Any CPU.ActiveCfg = Debug|Any CPU
		{43103EB5-1A44-49FC-8164-01865DD38E47}.Debug|Any CPU.Build.0 = Debug|Any CPU
		{43103EB5-1A44-49FC-8164-01865DD38E47}.Release|Any CPU.ActiveCfg = Release|Any CPU
		{43103EB5-1A44-49FC-8164-01865DD38E47}.Release|Any CPU.Build.0 = Release|Any CPU
		{60F6CEF0-577F-4FF1-9250-245FD6E8BA94}.Debug|Any CPU.ActiveCfg = Debug|Any CPU
		{60F6CEF0-577F-4FF1-9250-245FD6E8BA94}.Debug|Any CPU.Build.0 = Debug|Any CPU
		{60F6CEF0-577F-4FF1-9250-245FD6E8BA94}.Release|Any CPU.ActiveCfg = Release|Any CPU
		{60F6CEF0-577F-4FF1-9250-245FD6E8BA94}.Release|Any CPU.Build.0 = Release|Any CPU
		{38A18A6C-750B-40E9-AC4A-E2D3F9F9EF71}.Debug|Any CPU.ActiveCfg = Debug|Any CPU
		{38A18A6C-750B-40E9-AC4A-E2D3F9F9EF71}.Debug|Any CPU.Build.0 = Debug|Any CPU
		{38A18A6C-750B-40E9-AC4A-E2D3F9F9EF71}.Release|Any CPU.ActiveCfg = Release|Any CPU
		{38A18A6C-750B-40E9-AC4A-E2D3F9F9EF71}.Release|Any CPU.Build.0 = Release|Any CPU
		{E27A4990-B0A9-4D5A-B662-08C3294ABF3B}.Debug|Any CPU.ActiveCfg = Debug|Any CPU
		{E27A4990-B0A9-4D5A-B662-08C3294ABF3B}.Debug|Any CPU.Build.0 = Debug|Any CPU
		{E27A4990-B0A9-4D5A-B662-08C3294ABF3B}.Release|Any CPU.ActiveCfg = Release|Any CPU
		{E27A4990-B0A9-4D5A-B662-08C3294ABF3B}.Release|Any CPU.Build.0 = Release|Any CPU
		{96802659-FDD8-4B79-9F2F-CF84D2EFE402}.Debug|Any CPU.ActiveCfg = Debug|Any CPU
		{96802659-FDD8-4B79-9F2F-CF84D2EFE402}.Debug|Any CPU.Build.0 = Debug|Any CPU
		{96802659-FDD8-4B79-9F2F-CF84D2EFE402}.Release|Any CPU.ActiveCfg = Release|Any CPU
		{96802659-FDD8-4B79-9F2F-CF84D2EFE402}.Release|Any CPU.Build.0 = Release|Any CPU
		{5783986A-DF47-4BB6-B2B7-B66011BFAAB3}.Debug|Any CPU.ActiveCfg = Debug|Any CPU
		{5783986A-DF47-4BB6-B2B7-B66011BFAAB3}.Debug|Any CPU.Build.0 = Debug|Any CPU
		{5783986A-DF47-4BB6-B2B7-B66011BFAAB3}.Release|Any CPU.ActiveCfg = Release|Any CPU
		{5783986A-DF47-4BB6-B2B7-B66011BFAAB3}.Release|Any CPU.Build.0 = Release|Any CPU
		{940137E8-8820-40BE-BDA5-C75566C16FAB}.Debug|Any CPU.ActiveCfg = Debug|Any CPU
		{940137E8-8820-40BE-BDA5-C75566C16FAB}.Debug|Any CPU.Build.0 = Debug|Any CPU
		{940137E8-8820-40BE-BDA5-C75566C16FAB}.Release|Any CPU.ActiveCfg = Release|Any CPU
		{940137E8-8820-40BE-BDA5-C75566C16FAB}.Release|Any CPU.Build.0 = Release|Any CPU
		{D9352E27-D3EA-4074-809F-D64EF630B05B}.Debug|Any CPU.ActiveCfg = Debug|Any CPU
		{D9352E27-D3EA-4074-809F-D64EF630B05B}.Debug|Any CPU.Build.0 = Debug|Any CPU
		{D9352E27-D3EA-4074-809F-D64EF630B05B}.Release|Any CPU.ActiveCfg = Release|Any CPU
		{D9352E27-D3EA-4074-809F-D64EF630B05B}.Release|Any CPU.Build.0 = Release|Any CPU
	EndGlobalSection
	GlobalSection(SolutionProperties) = preSolution
		HideSolutionNode = FALSE
	EndGlobalSection
	GlobalSection(ExtensibilityGlobals) = postSolution
		SolutionGuid = {0A62C38C-20A7-4D94-86E7-A0E6B9090CB7}
	EndGlobalSection
EndGlobal
