
Microsoft Visual Studio Solution File, Format Version 12.00
# Visual Studio 15
VisualStudioVersion = 15.0.28010.2041
MinimumVisualStudioVersion = 10.0.40219.1
Project("{FAE04EC0-301F-11D3-BF4B-00C04F79EFBC}") = "ArrayConversion", "ArrayConversion\ArrayConversion.csproj", "{330BC20B-F702-4E36-9D0C-19B1470A11A9}"
EndProject
Project("{FAE04EC0-301F-11D3-BF4B-00C04F79EFBC}") = "ArrayPreviousLess", "ArrayPreviousLess\ArrayPreviousLess.csproj", "{408E862F-BF2B-4480-A456-6018A404F1BB}"
EndProject
Project("{FAE04EC0-301F-11D3-BF4B-00C04F79EFBC}") = "PairOfShoes", "PairOfShoes\PairOfShoes.csproj", "{0FD19106-8F5A-42DC-9EF3-F99CBB1CCC50}"
EndProject
Project("{FAE04EC0-301F-11D3-BF4B-00C04F79EFBC}") = "Combs", "Combs\Combs.csproj", "{980E229D-9115-4C06-BA33-600C07B51B6A}"
EndProject
Project("{FAE04EC0-301F-11D3-BF4B-00C04F79EFBC}") = "StringsCrossover", "StringsCrossover\StringsCrossover.csproj", "{25A99FA2-2CB2-417D-93BE-C1D2A609B1F5}"
EndProject
Global
	GlobalSection(SolutionConfigurationPlatforms) = preSolution
		Debug|Any CPU = Debug|Any CPU
		Release|Any CPU = Release|Any CPU
	EndGlobalSection
	GlobalSection(ProjectConfigurationPlatforms) = postSolution
		{330BC20B-F702-4E36-9D0C-19B1470A11A9}.Debug|Any CPU.ActiveCfg = Debug|Any CPU
		{330BC20B-F702-4E36-9D0C-19B1470A11A9}.Debug|Any CPU.Build.0 = Debug|Any CPU
		{330BC20B-F702-4E36-9D0C-19B1470A11A9}.Release|Any CPU.ActiveCfg = Release|Any CPU
		{330BC20B-F702-4E36-9D0C-19B1470A11A9}.Release|Any CPU.Build.0 = Release|Any CPU
		{408E862F-BF2B-4480-A456-6018A404F1BB}.Debug|Any CPU.ActiveCfg = Debug|Any CPU
		{408E862F-BF2B-4480-A456-6018A404F1BB}.Debug|Any CPU.Build.0 = Debug|Any CPU
		{408E862F-BF2B-4480-A456-6018A404F1BB}.Release|Any CPU.ActiveCfg = Release|Any CPU
		{408E862F-BF2B-4480-A456-6018A404F1BB}.Release|Any CPU.Build.0 = Release|Any CPU
		{0FD19106-8F5A-42DC-9EF3-F99CBB1CCC50}.Debug|Any CPU.ActiveCfg = Debug|Any CPU
		{0FD19106-8F5A-42DC-9EF3-F99CBB1CCC50}.Debug|Any CPU.Build.0 = Debug|Any CPU
		{0FD19106-8F5A-42DC-9EF3-F99CBB1CCC50}.Release|Any CPU.ActiveCfg = Release|Any CPU
		{0FD19106-8F5A-42DC-9EF3-F99CBB1CCC50}.Release|Any CPU.Build.0 = Release|Any CPU
		{980E229D-9115-4C06-BA33-600C07B51B6A}.Debug|Any CPU.ActiveCfg = Debug|Any CPU
		{980E229D-9115-4C06-BA33-600C07B51B6A}.Debug|Any CPU.Build.0 = Debug|Any CPU
		{980E229D-9115-4C06-BA33-600C07B51B6A}.Release|Any CPU.ActiveCfg = Release|Any CPU
		{980E229D-9115-4C06-BA33-600C07B51B6A}.Release|Any CPU.Build.0 = Release|Any CPU
		{25A99FA2-2CB2-417D-93BE-C1D2A609B1F5}.Debug|Any CPU.ActiveCfg = Debug|Any CPU
		{25A99FA2-2CB2-417D-93BE-C1D2A609B1F5}.Debug|Any CPU.Build.0 = Debug|Any CPU
		{25A99FA2-2CB2-417D-93BE-C1D2A609B1F5}.Release|Any CPU.ActiveCfg = Release|Any CPU
		{25A99FA2-2CB2-417D-93BE-C1D2A609B1F5}.Release|Any CPU.Build.0 = Release|Any CPU
	EndGlobalSection
	GlobalSection(SolutionProperties) = preSolution
		HideSolutionNode = FALSE
	EndGlobalSection
	GlobalSection(ExtensibilityGlobals) = postSolution
		SolutionGuid = {201BE327-536F-43C1-B731-0FA466CF07E4}
	EndGlobalSection
EndGlobal
