
Microsoft Visual Studio Solution File, Format Version 12.00
# Visual Studio 15
VisualStudioVersion = 15.0.28010.2041
MinimumVisualStudioVersion = 10.0.40219.1
Project("{FAE04EC0-301F-11D3-BF4B-00C04F79EFBC}") = "ValidTime", "ValidTime\ValidTime.csproj", "{91ADB229-C2C0-41D3-86E5-AB466FF1E626}"
EndProject
Project("{FAE04EC0-301F-11D3-BF4B-00C04F79EFBC}") = "VideoPart", "VideoPart\VideoPart.csproj", "{EAA6FAB4-DD70-43A7-B0D5-DE5418F166DF}"
EndProject
Project("{FAE04EC0-301F-11D3-BF4B-00C04F79EFBC}") = "DayOfWeek", "DayOfWeek\DayOfWeek.csproj", "{1BFF71DB-6A52-435D-BC5E-A78AE6FF520B}"
EndProject
Project("{FAE04EC0-301F-11D3-BF4B-00C04F79EFBC}") = "CuriousClock", "CuriousClock\CuriousClock.csproj", "{511AD2AA-0405-4251-B020-A426B1D4FB26}"
EndProject
Project("{FAE04EC0-301F-11D3-BF4B-00C04F79EFBC}") = "NewYearCelebrations", "NewYearCelebrations\NewYearCelebrations.csproj", "{3E14EF7E-A2C3-4A62-8BD1-B25C0344A6DD}"
EndProject
Project("{FAE04EC0-301F-11D3-BF4B-00C04F79EFBC}") = "RegularMonths", "RegularMonths\RegularMonths.csproj", "{02C652C0-1DBD-48D1-B8BF-746C50D0DC63}"
EndProject
Project("{FAE04EC0-301F-11D3-BF4B-00C04F79EFBC}") = "MissedClasses", "MissedClasses\MissedClasses.csproj", "{9B612BB1-D34A-4877-986F-B14D88DE73F1}"
EndProject
Project("{FAE04EC0-301F-11D3-BF4B-00C04F79EFBC}") = "Holiday", "Holiday\Holiday.csproj", "{48357235-287E-473D-AEB5-293B71E6D1B9}"
EndProject
Global
	GlobalSection(SolutionConfigurationPlatforms) = preSolution
		Debug|Any CPU = Debug|Any CPU
		Release|Any CPU = Release|Any CPU
	EndGlobalSection
	GlobalSection(ProjectConfigurationPlatforms) = postSolution
		{91ADB229-C2C0-41D3-86E5-AB466FF1E626}.Debug|Any CPU.ActiveCfg = Debug|Any CPU
		{91ADB229-C2C0-41D3-86E5-AB466FF1E626}.Debug|Any CPU.Build.0 = Debug|Any CPU
		{91ADB229-C2C0-41D3-86E5-AB466FF1E626}.Release|Any CPU.ActiveCfg = Release|Any CPU
		{91ADB229-C2C0-41D3-86E5-AB466FF1E626}.Release|Any CPU.Build.0 = Release|Any CPU
		{EAA6FAB4-DD70-43A7-B0D5-DE5418F166DF}.Debug|Any CPU.ActiveCfg = Debug|Any CPU
		{EAA6FAB4-DD70-43A7-B0D5-DE5418F166DF}.Debug|Any CPU.Build.0 = Debug|Any CPU
		{EAA6FAB4-DD70-43A7-B0D5-DE5418F166DF}.Release|Any CPU.ActiveCfg = Release|Any CPU
		{EAA6FAB4-DD70-43A7-B0D5-DE5418F166DF}.Release|Any CPU.Build.0 = Release|Any CPU
		{1BFF71DB-6A52-435D-BC5E-A78AE6FF520B}.Debug|Any CPU.ActiveCfg = Debug|Any CPU
		{1BFF71DB-6A52-435D-BC5E-A78AE6FF520B}.Debug|Any CPU.Build.0 = Debug|Any CPU
		{1BFF71DB-6A52-435D-BC5E-A78AE6FF520B}.Release|Any CPU.ActiveCfg = Release|Any CPU
		{1BFF71DB-6A52-435D-BC5E-A78AE6FF520B}.Release|Any CPU.Build.0 = Release|Any CPU
		{511AD2AA-0405-4251-B020-A426B1D4FB26}.Debug|Any CPU.ActiveCfg = Debug|Any CPU
		{511AD2AA-0405-4251-B020-A426B1D4FB26}.Debug|Any CPU.Build.0 = Debug|Any CPU
		{511AD2AA-0405-4251-B020-A426B1D4FB26}.Release|Any CPU.ActiveCfg = Release|Any CPU
		{511AD2AA-0405-4251-B020-A426B1D4FB26}.Release|Any CPU.Build.0 = Release|Any CPU
		{3E14EF7E-A2C3-4A62-8BD1-B25C0344A6DD}.Debug|Any CPU.ActiveCfg = Debug|Any CPU
		{3E14EF7E-A2C3-4A62-8BD1-B25C0344A6DD}.Debug|Any CPU.Build.0 = Debug|Any CPU
		{3E14EF7E-A2C3-4A62-8BD1-B25C0344A6DD}.Release|Any CPU.ActiveCfg = Release|Any CPU
		{3E14EF7E-A2C3-4A62-8BD1-B25C0344A6DD}.Release|Any CPU.Build.0 = Release|Any CPU
		{02C652C0-1DBD-48D1-B8BF-746C50D0DC63}.Debug|Any CPU.ActiveCfg = Debug|Any CPU
		{02C652C0-1DBD-48D1-B8BF-746C50D0DC63}.Debug|Any CPU.Build.0 = Debug|Any CPU
		{02C652C0-1DBD-48D1-B8BF-746C50D0DC63}.Release|Any CPU.ActiveCfg = Release|Any CPU
		{02C652C0-1DBD-48D1-B8BF-746C50D0DC63}.Release|Any CPU.Build.0 = Release|Any CPU
		{9B612BB1-D34A-4877-986F-B14D88DE73F1}.Debug|Any CPU.ActiveCfg = Debug|Any CPU
		{9B612BB1-D34A-4877-986F-B14D88DE73F1}.Debug|Any CPU.Build.0 = Debug|Any CPU
		{9B612BB1-D34A-4877-986F-B14D88DE73F1}.Release|Any CPU.ActiveCfg = Release|Any CPU
		{9B612BB1-D34A-4877-986F-B14D88DE73F1}.Release|Any CPU.Build.0 = Release|Any CPU
		{48357235-287E-473D-AEB5-293B71E6D1B9}.Debug|Any CPU.ActiveCfg = Debug|Any CPU
		{48357235-287E-473D-AEB5-293B71E6D1B9}.Debug|Any CPU.Build.0 = Debug|Any CPU
		{48357235-287E-473D-AEB5-293B71E6D1B9}.Release|Any CPU.ActiveCfg = Release|Any CPU
		{48357235-287E-473D-AEB5-293B71E6D1B9}.Release|Any CPU.Build.0 = Release|Any CPU
	EndGlobalSection
	GlobalSection(SolutionProperties) = preSolution
		HideSolutionNode = FALSE
	EndGlobalSection
	GlobalSection(ExtensibilityGlobals) = postSolution
		SolutionGuid = {3C296A19-E675-44AF-B0EE-DB9FD376CAA8}
	EndGlobalSection
EndGlobal
